<?xml version="1.0" encoding="UTF-8"?>
<!DOCTYPE plist PUBLIC "-//Apple//DTD PLIST 1.0//EN" "http://www.apple.com/DTDs/PropertyList-1.0.dtd">
<plist version="1.0">
<dict>
	<key>archiveVersion</key>
	<string>1</string>
	<key>classes</key>
	<dict/>
	<key>objectVersion</key>
	<string>46</string>
	<key>objects</key>
	<dict>
		<key>3F6707DDA3858C8169096DF1</key>
		<dict>
			<key>buildActionMask</key>
			<string>2147483647</string>
			<key>files</key>
			<array/>
			<key>inputPaths</key>
			<array>
				<string>${SRCROOT}/Pods/Target Support Files/Pods-MADVCameraDemo/Pods-MADVCameraDemo-resources.sh</string>
				<string>${PODS_ROOT}/MJRefresh/MJRefresh/MJRefresh.bundle</string>
				<string>${PODS_ROOT}/MWPhotoBrowser/MWPhotoBrowser/MWPhotoBrowser.bundle</string>
			</array>
			<key>isa</key>
			<string>PBXShellScriptBuildPhase</string>
			<key>name</key>
			<string>[CP] Copy Pods Resources</string>
			<key>outputPaths</key>
			<array>
				<string>${TARGET_BUILD_DIR}/${UNLOCALIZED_RESOURCES_FOLDER_PATH}</string>
			</array>
			<key>runOnlyForDeploymentPostprocessing</key>
			<string>0</string>
			<key>shellPath</key>
			<string>/bin/sh</string>
			<key>shellScript</key>
			<string>"${SRCROOT}/Pods/Target Support Files/Pods-MADVCameraDemo/Pods-MADVCameraDemo-resources.sh"
</string>
			<key>showEnvVarsInLog</key>
			<string>0</string>
		</dict>
		<key>453749FA82E2206CEF03DAFB</key>
		<dict>
			<key>fileRef</key>
			<string>F3E22FF2085F15F1C2621E22</string>
			<key>isa</key>
			<string>PBXBuildFile</string>
		</dict>
		<key>521A4ED31F0B766B00E5F155</key>
		<dict>
			<key>children</key>
			<array>
				<string>521A4EDE1F0B766B00E5F155</string>
				<string>521A4EFB1F0B766C00E5F155</string>
				<string>521A4EDD1F0B766B00E5F155</string>
				<string>521A4F191F0B7D3300E5F155</string>
				<string>7A68F7B1FE2D5ED65C230AAF</string>
			</array>
			<key>isa</key>
			<string>PBXGroup</string>
			<key>sourceTree</key>
			<string>&lt;group&gt;</string>
		</dict>
		<key>521A4ED41F0B766B00E5F155</key>
		<dict>
			<key>attributes</key>
			<dict>
				<key>LastUpgradeCheck</key>
				<string>0830</string>
				<key>ORGANIZATIONNAME</key>
				<string>MADV</string>
				<key>TargetAttributes</key>
				<dict>
					<key>521A4EDB1F0B766B00E5F155</key>
					<dict>
						<key>CreatedOnToolsVersion</key>
						<string>8.3.1</string>
						<key>DevelopmentTeam</key>
						<string>QBAB3CS86A</string>
						<key>ProvisioningStyle</key>
						<string>Automatic</string>
					</dict>
					<key>521A4EF71F0B766C00E5F155</key>
					<dict>
						<key>CreatedOnToolsVersion</key>
						<string>8.3.1</string>
						<key>DevelopmentTeam</key>
						<string>QBAB3CS86A</string>
						<key>ProvisioningStyle</key>
						<string>Automatic</string>
						<key>TestTargetID</key>
						<string>521A4EDB1F0B766B00E5F155</string>
					</dict>
				</dict>
			</dict>
			<key>buildConfigurationList</key>
			<string>521A4ED71F0B766B00E5F155</string>
			<key>compatibilityVersion</key>
			<string>Xcode 3.2</string>
			<key>developmentRegion</key>
			<string>English</string>
			<key>hasScannedForEncodings</key>
			<string>0</string>
			<key>isa</key>
			<string>PBXProject</string>
			<key>knownRegions</key>
			<array>
				<string>en</string>
				<string>Base</string>
			</array>
			<key>mainGroup</key>
			<string>521A4ED31F0B766B00E5F155</string>
			<key>productRefGroup</key>
			<string>521A4EDD1F0B766B00E5F155</string>
			<key>projectDirPath</key>
			<string></string>
			<key>projectReferences</key>
			<array/>
			<key>projectRoot</key>
			<string></string>
			<key>targets</key>
			<array>
				<string>521A4EDB1F0B766B00E5F155</string>
				<string>521A4EF71F0B766C00E5F155</string>
			</array>
		</dict>
		<key>521A4ED71F0B766B00E5F155</key>
		<dict>
			<key>buildConfigurations</key>
			<array>
				<string>521A4EFF1F0B766C00E5F155</string>
				<string>521A4F001F0B766C00E5F155</string>
			</array>
			<key>defaultConfigurationIsVisible</key>
			<string>0</string>
			<key>defaultConfigurationName</key>
			<string>Release</string>
			<key>isa</key>
			<string>XCConfigurationList</string>
		</dict>
		<key>521A4ED81F0B766B00E5F155</key>
		<dict>
			<key>buildActionMask</key>
			<string>2147483647</string>
			<key>files</key>
			<array>
				<string>BB3DA3A31F0F7FE3009B6ACF</string>
				<string>521A4F151F0B78BF00E5F155</string>
				<string>521A4F671F0BA1DA00E5F155</string>
				<string>521A4EEA1F0B766B00E5F155</string>
				<string>521A4EE41F0B766B00E5F155</string>
				<string>521A4F211F0B849900E5F155</string>
				<string>521A4F181F0B78F600E5F155</string>
				<string>521A4EE71F0B766B00E5F155</string>
				<string>521A4EE11F0B766B00E5F155</string>
			</array>
			<key>isa</key>
			<string>PBXSourcesBuildPhase</string>
			<key>runOnlyForDeploymentPostprocessing</key>
			<string>0</string>
		</dict>
		<key>521A4ED91F0B766B00E5F155</key>
		<dict>
			<key>buildActionMask</key>
			<string>2147483647</string>
			<key>files</key>
			<array>
				<string>521A4F691F0BAAB800E5F155</string>
				<string>521A4F5A1F0B9D2C00E5F155</string>
				<string>521A4F5B1F0B9D2C00E5F155</string>
				<string>521A4F5C1F0B9D2C00E5F155</string>
				<string>521A4F5D1F0B9D2C00E5F155</string>
				<string>521A4F5E1F0B9D2C00E5F155</string>
				<string>521A4F541F0B9C5E00E5F155</string>
				<string>521A4F521F0B9C5400E5F155</string>
				<string>521A4F501F0B9C3500E5F155</string>
				<string>521A4F4D1F0B9C2D00E5F155</string>
				<string>521A4F4E1F0B9C2D00E5F155</string>
				<string>521A4F4A1F0B9C2000E5F155</string>
				<string>521A4F481F0B9C0400E5F155</string>
				<string>521A4F461F0B9C0000E5F155</string>
				<string>521A4F441F0B9BFB00E5F155</string>
				<string>521A4F421F0B9BE800E5F155</string>
				<string>521A4F401F0B9BE300E5F155</string>
				<string>521A4F2F1F0B938000E5F155</string>
				<string>521A4F3E1F0B9BDB00E5F155</string>
				<string>521A4F3C1F0B9A0800E5F155</string>
				<string>521A4F3A1F0B98E000E5F155</string>
				<string>521A4F311F0B938600E5F155</string>
				<string>521A4F2D1F0B936F00E5F155</string>
				<string>521A4F2B1F0B936900E5F155</string>
				<string>521A4F291F0B934B00E5F155</string>
				<string>453749FA82E2206CEF03DAFB</string>
			</array>
			<key>isa</key>
			<string>PBXFrameworksBuildPhase</string>
			<key>runOnlyForDeploymentPostprocessing</key>
			<string>0</string>
		</dict>
		<key>521A4EDA1F0B766B00E5F155</key>
		<dict>
			<key>buildActionMask</key>
			<string>2147483647</string>
			<key>files</key>
			<array>
				<string>521A4EF21F0B766B00E5F155</string>
				<string>521A4EEF1F0B766B00E5F155</string>
				<string>521A4EED1F0B766B00E5F155</string>
			</array>
			<key>isa</key>
			<string>PBXResourcesBuildPhase</string>
			<key>runOnlyForDeploymentPostprocessing</key>
			<string>0</string>
		</dict>
		<key>521A4EDB1F0B766B00E5F155</key>
		<dict>
			<key>buildConfigurationList</key>
			<string>521A4F011F0B766C00E5F155</string>
			<key>buildPhases</key>
			<array>
				<string>CBA32F16CA167EF2951C8A12</string>
				<string>521A4ED81F0B766B00E5F155</string>
				<string>521A4ED91F0B766B00E5F155</string>
				<string>521A4EDA1F0B766B00E5F155</string>
				<string>FFF447A1F26BFD10500466BD</string>
				<string>3F6707DDA3858C8169096DF1</string>
			</array>
			<key>buildRules</key>
			<array/>
			<key>dependencies</key>
			<array/>
			<key>isa</key>
			<string>PBXNativeTarget</string>
			<key>name</key>
			<string>MADVCameraDemo</string>
			<key>productName</key>
			<string>MADVCameraDemo</string>
			<key>productReference</key>
			<string>521A4EDC1F0B766B00E5F155</string>
			<key>productType</key>
			<string>com.apple.product-type.application</string>
		</dict>
		<key>521A4EDC1F0B766B00E5F155</key>
		<dict>
			<key>explicitFileType</key>
			<string>wrapper.application</string>
			<key>includeInIndex</key>
			<string>0</string>
			<key>isa</key>
			<string>PBXFileReference</string>
			<key>path</key>
			<string>MADVCameraDemo.app</string>
			<key>sourceTree</key>
			<string>BUILT_PRODUCTS_DIR</string>
		</dict>
		<key>521A4EDD1F0B766B00E5F155</key>
		<dict>
			<key>children</key>
			<array>
				<string>521A4EDC1F0B766B00E5F155</string>
				<string>521A4EF81F0B766C00E5F155</string>
			</array>
			<key>isa</key>
			<string>PBXGroup</string>
			<key>name</key>
			<string>Products</string>
			<key>sourceTree</key>
			<string>&lt;group&gt;</string>
		</dict>
		<key>521A4EDE1F0B766B00E5F155</key>
		<dict>
			<key>children</key>
			<array>
				<string>BB3DA3A01F0F7FE2009B6ACF</string>
				<string>BB3DA3A11F0F7FE2009B6ACF</string>
				<string>521A4F651F0BA1DA00E5F155</string>
				<string>521A4F661F0BA1DA00E5F155</string>
				<string>521A4F251F0B92AB00E5F155</string>
				<string>521A4F1F1F0B849900E5F155</string>
				<string>521A4F201F0B849900E5F155</string>
				<string>521A4F161F0B78F600E5F155</string>
				<string>521A4F171F0B78F600E5F155</string>
				<string>521A4F131F0B78BF00E5F155</string>
				<string>521A4F141F0B78BF00E5F155</string>
				<string>521A4EE21F0B766B00E5F155</string>
				<string>521A4EE31F0B766B00E5F155</string>
				<string>521A4EE51F0B766B00E5F155</string>
				<string>521A4EE61F0B766B00E5F155</string>
				<string>521A4EE81F0B766B00E5F155</string>
				<string>521A4EE91F0B766B00E5F155</string>
				<string>521A4EEB1F0B766B00E5F155</string>
				<string>521A4EEE1F0B766B00E5F155</string>
				<string>521A4EF01F0B766B00E5F155</string>
				<string>521A4EF31F0B766B00E5F155</string>
				<string>521A4EDF1F0B766B00E5F155</string>
			</array>
			<key>isa</key>
			<string>PBXGroup</string>
			<key>path</key>
			<string>MADVCameraDemo</string>
			<key>sourceTree</key>
			<string>&lt;group&gt;</string>
		</dict>
		<key>521A4EDF1F0B766B00E5F155</key>
		<dict>
			<key>children</key>
			<array>
				<string>521A4EE01F0B766B00E5F155</string>
				<string>521A4F1C1F0B7DE800E5F155</string>
			</array>
			<key>isa</key>
			<string>PBXGroup</string>
			<key>name</key>
			<string>Supporting Files</string>
			<key>sourceTree</key>
			<string>&lt;group&gt;</string>
		</dict>
		<key>521A4EE01F0B766B00E5F155</key>
		<dict>
			<key>isa</key>
			<string>PBXFileReference</string>
			<key>lastKnownFileType</key>
			<string>sourcecode.c.objc</string>
			<key>path</key>
			<string>main.m</string>
			<key>sourceTree</key>
			<string>&lt;group&gt;</string>
		</dict>
		<key>521A4EE11F0B766B00E5F155</key>
		<dict>
			<key>fileRef</key>
			<string>521A4EE01F0B766B00E5F155</string>
			<key>isa</key>
			<string>PBXBuildFile</string>
		</dict>
		<key>521A4EE21F0B766B00E5F155</key>
		<dict>
			<key>isa</key>
			<string>PBXFileReference</string>
			<key>lastKnownFileType</key>
			<string>sourcecode.c.h</string>
			<key>path</key>
			<string>AppDelegate.h</string>
			<key>sourceTree</key>
			<string>&lt;group&gt;</string>
		</dict>
		<key>521A4EE31F0B766B00E5F155</key>
		<dict>
			<key>isa</key>
			<string>PBXFileReference</string>
			<key>lastKnownFileType</key>
			<string>sourcecode.c.objc</string>
			<key>path</key>
			<string>AppDelegate.m</string>
			<key>sourceTree</key>
			<string>&lt;group&gt;</string>
		</dict>
		<key>521A4EE41F0B766B00E5F155</key>
		<dict>
			<key>fileRef</key>
			<string>521A4EE31F0B766B00E5F155</string>
			<key>isa</key>
			<string>PBXBuildFile</string>
		</dict>
		<key>521A4EE51F0B766B00E5F155</key>
		<dict>
			<key>isa</key>
			<string>PBXFileReference</string>
			<key>lastKnownFileType</key>
			<string>sourcecode.c.h</string>
			<key>path</key>
			<string>CameraPreviewViewController.h</string>
			<key>sourceTree</key>
			<string>&lt;group&gt;</string>
		</dict>
		<key>521A4EE61F0B766B00E5F155</key>
		<dict>
			<key>isa</key>
			<string>PBXFileReference</string>
			<key>lastKnownFileType</key>
			<string>sourcecode.c.objc</string>
			<key>path</key>
			<string>CameraPreviewViewController.m</string>
			<key>sourceTree</key>
			<string>&lt;group&gt;</string>
		</dict>
		<key>521A4EE71F0B766B00E5F155</key>
		<dict>
			<key>fileRef</key>
			<string>521A4EE61F0B766B00E5F155</string>
			<key>isa</key>
			<string>PBXBuildFile</string>
		</dict>
		<key>521A4EE81F0B766B00E5F155</key>
		<dict>
			<key>isa</key>
			<string>PBXFileReference</string>
			<key>lastKnownFileType</key>
			<string>sourcecode.c.h</string>
			<key>path</key>
			<string>CameraLibraryViewController.h</string>
			<key>sourceTree</key>
			<string>&lt;group&gt;</string>
		</dict>
		<key>521A4EE91F0B766B00E5F155</key>
		<dict>
			<key>isa</key>
			<string>PBXFileReference</string>
			<key>lastKnownFileType</key>
			<string>sourcecode.c.objc</string>
			<key>path</key>
			<string>CameraLibraryViewController.m</string>
			<key>sourceTree</key>
			<string>&lt;group&gt;</string>
		</dict>
		<key>521A4EEA1F0B766B00E5F155</key>
		<dict>
			<key>fileRef</key>
			<string>521A4EE91F0B766B00E5F155</string>
			<key>isa</key>
			<string>PBXBuildFile</string>
		</dict>
		<key>521A4EEB1F0B766B00E5F155</key>
		<dict>
			<key>children</key>
			<array>
				<string>521A4EEC1F0B766B00E5F155</string>
			</array>
			<key>isa</key>
			<string>PBXVariantGroup</string>
			<key>name</key>
			<string>Main.storyboard</string>
			<key>sourceTree</key>
			<string>&lt;group&gt;</string>
		</dict>
		<key>521A4EEC1F0B766B00E5F155</key>
		<dict>
			<key>isa</key>
			<string>PBXFileReference</string>
			<key>lastKnownFileType</key>
			<string>file.storyboard</string>
			<key>name</key>
			<string>Base</string>
			<key>path</key>
			<string>Base.lproj/Main.storyboard</string>
			<key>sourceTree</key>
			<string>&lt;group&gt;</string>
		</dict>
		<key>521A4EED1F0B766B00E5F155</key>
		<dict>
			<key>fileRef</key>
			<string>521A4EEB1F0B766B00E5F155</string>
			<key>isa</key>
			<string>PBXBuildFile</string>
		</dict>
		<key>521A4EEE1F0B766B00E5F155</key>
		<dict>
			<key>isa</key>
			<string>PBXFileReference</string>
			<key>lastKnownFileType</key>
			<string>folder.assetcatalog</string>
			<key>path</key>
			<string>Assets.xcassets</string>
			<key>sourceTree</key>
			<string>&lt;group&gt;</string>
		</dict>
		<key>521A4EEF1F0B766B00E5F155</key>
		<dict>
			<key>fileRef</key>
			<string>521A4EEE1F0B766B00E5F155</string>
			<key>isa</key>
			<string>PBXBuildFile</string>
		</dict>
		<key>521A4EF01F0B766B00E5F155</key>
		<dict>
			<key>children</key>
			<array>
				<string>521A4EF11F0B766B00E5F155</string>
			</array>
			<key>isa</key>
			<string>PBXVariantGroup</string>
			<key>name</key>
			<string>LaunchScreen.storyboard</string>
			<key>sourceTree</key>
			<string>&lt;group&gt;</string>
		</dict>
		<key>521A4EF11F0B766B00E5F155</key>
		<dict>
			<key>isa</key>
			<string>PBXFileReference</string>
			<key>lastKnownFileType</key>
			<string>file.storyboard</string>
			<key>name</key>
			<string>Base</string>
			<key>path</key>
			<string>Base.lproj/LaunchScreen.storyboard</string>
			<key>sourceTree</key>
			<string>&lt;group&gt;</string>
		</dict>
		<key>521A4EF21F0B766B00E5F155</key>
		<dict>
			<key>fileRef</key>
			<string>521A4EF01F0B766B00E5F155</string>
			<key>isa</key>
			<string>PBXBuildFile</string>
		</dict>
		<key>521A4EF31F0B766B00E5F155</key>
		<dict>
			<key>isa</key>
			<string>PBXFileReference</string>
			<key>lastKnownFileType</key>
			<string>text.plist.xml</string>
			<key>path</key>
			<string>Info.plist</string>
			<key>sourceTree</key>
			<string>&lt;group&gt;</string>
		</dict>
		<key>521A4EF41F0B766C00E5F155</key>
		<dict>
			<key>buildActionMask</key>
			<string>2147483647</string>
			<key>files</key>
			<array>
				<string>521A4EFD1F0B766C00E5F155</string>
			</array>
			<key>isa</key>
			<string>PBXSourcesBuildPhase</string>
			<key>runOnlyForDeploymentPostprocessing</key>
			<string>0</string>
		</dict>
		<key>521A4EF51F0B766C00E5F155</key>
		<dict>
			<key>buildActionMask</key>
			<string>2147483647</string>
			<key>files</key>
			<array/>
			<key>isa</key>
			<string>PBXFrameworksBuildPhase</string>
			<key>runOnlyForDeploymentPostprocessing</key>
			<string>0</string>
		</dict>
		<key>521A4EF61F0B766C00E5F155</key>
		<dict>
			<key>buildActionMask</key>
			<string>2147483647</string>
			<key>files</key>
			<array/>
			<key>isa</key>
			<string>PBXResourcesBuildPhase</string>
			<key>runOnlyForDeploymentPostprocessing</key>
			<string>0</string>
		</dict>
		<key>521A4EF71F0B766C00E5F155</key>
		<dict>
			<key>buildConfigurationList</key>
			<string>521A4F041F0B766C00E5F155</string>
			<key>buildPhases</key>
			<array>
				<string>521A4EF41F0B766C00E5F155</string>
				<string>521A4EF51F0B766C00E5F155</string>
				<string>521A4EF61F0B766C00E5F155</string>
			</array>
			<key>buildRules</key>
			<array/>
			<key>dependencies</key>
			<array>
				<string>521A4EFA1F0B766C00E5F155</string>
			</array>
			<key>isa</key>
			<string>PBXNativeTarget</string>
			<key>name</key>
			<string>MADVCameraDemoUITests</string>
			<key>productName</key>
			<string>MADVCameraDemoUITests</string>
			<key>productReference</key>
			<string>521A4EF81F0B766C00E5F155</string>
			<key>productType</key>
			<string>com.apple.product-type.bundle.ui-testing</string>
		</dict>
		<key>521A4EF81F0B766C00E5F155</key>
		<dict>
			<key>explicitFileType</key>
			<string>wrapper.cfbundle</string>
			<key>includeInIndex</key>
			<string>0</string>
			<key>isa</key>
			<string>PBXFileReference</string>
			<key>path</key>
			<string>MADVCameraDemoUITests.xctest</string>
			<key>sourceTree</key>
			<string>BUILT_PRODUCTS_DIR</string>
		</dict>
		<key>521A4EF91F0B766C00E5F155</key>
		<dict>
			<key>containerPortal</key>
			<string>521A4ED41F0B766B00E5F155</string>
			<key>isa</key>
			<string>PBXContainerItemProxy</string>
			<key>proxyType</key>
			<string>1</string>
			<key>remoteGlobalIDString</key>
			<string>521A4EDB1F0B766B00E5F155</string>
			<key>remoteInfo</key>
			<string>MADVCameraDemo</string>
		</dict>
		<key>521A4EFA1F0B766C00E5F155</key>
		<dict>
			<key>isa</key>
			<string>PBXTargetDependency</string>
			<key>target</key>
			<string>521A4EDB1F0B766B00E5F155</string>
			<key>targetProxy</key>
			<string>521A4EF91F0B766C00E5F155</string>
		</dict>
		<key>521A4EFB1F0B766C00E5F155</key>
		<dict>
			<key>children</key>
			<array>
				<string>521A4EFC1F0B766C00E5F155</string>
				<string>521A4EFE1F0B766C00E5F155</string>
			</array>
			<key>isa</key>
			<string>PBXGroup</string>
			<key>path</key>
			<string>MADVCameraDemoUITests</string>
			<key>sourceTree</key>
			<string>&lt;group&gt;</string>
		</dict>
		<key>521A4EFC1F0B766C00E5F155</key>
		<dict>
			<key>isa</key>
			<string>PBXFileReference</string>
			<key>lastKnownFileType</key>
			<string>sourcecode.c.objc</string>
			<key>path</key>
			<string>MADVCameraDemoUITests.m</string>
			<key>sourceTree</key>
			<string>&lt;group&gt;</string>
		</dict>
		<key>521A4EFD1F0B766C00E5F155</key>
		<dict>
			<key>fileRef</key>
			<string>521A4EFC1F0B766C00E5F155</string>
			<key>isa</key>
			<string>PBXBuildFile</string>
		</dict>
		<key>521A4EFE1F0B766C00E5F155</key>
		<dict>
			<key>isa</key>
			<string>PBXFileReference</string>
			<key>lastKnownFileType</key>
			<string>text.plist.xml</string>
			<key>path</key>
			<string>Info.plist</string>
			<key>sourceTree</key>
			<string>&lt;group&gt;</string>
		</dict>
		<key>521A4EFF1F0B766C00E5F155</key>
		<dict>
			<key>buildSettings</key>
			<dict>
				<key>ALWAYS_SEARCH_USER_PATHS</key>
				<string>NO</string>
				<key>CLANG_ANALYZER_NONNULL</key>
				<string>YES</string>
				<key>CLANG_ANALYZER_NUMBER_OBJECT_CONVERSION</key>
				<string>YES_AGGRESSIVE</string>
				<key>CLANG_CXX_LANGUAGE_STANDARD</key>
				<string>gnu++0x</string>
				<key>CLANG_CXX_LIBRARY</key>
				<string>libc++</string>
				<key>CLANG_ENABLE_MODULES</key>
				<string>YES</string>
				<key>CLANG_ENABLE_OBJC_ARC</key>
				<string>YES</string>
				<key>CLANG_WARN_BOOL_CONVERSION</key>
				<string>YES</string>
				<key>CLANG_WARN_CONSTANT_CONVERSION</key>
				<string>YES</string>
				<key>CLANG_WARN_DIRECT_OBJC_ISA_USAGE</key>
				<string>YES_ERROR</string>
				<key>CLANG_WARN_DOCUMENTATION_COMMENTS</key>
				<string>YES</string>
				<key>CLANG_WARN_EMPTY_BODY</key>
				<string>YES</string>
				<key>CLANG_WARN_ENUM_CONVERSION</key>
				<string>YES</string>
				<key>CLANG_WARN_INFINITE_RECURSION</key>
				<string>YES</string>
				<key>CLANG_WARN_INT_CONVERSION</key>
				<string>YES</string>
				<key>CLANG_WARN_OBJC_ROOT_CLASS</key>
				<string>YES_ERROR</string>
				<key>CLANG_WARN_SUSPICIOUS_MOVE</key>
				<string>YES</string>
				<key>CLANG_WARN_UNREACHABLE_CODE</key>
				<string>YES</string>
				<key>CLANG_WARN__DUPLICATE_METHOD_MATCH</key>
				<string>YES</string>
				<key>CODE_SIGN_IDENTITY[sdk=iphoneos*]</key>
				<string>iPhone Developer</string>
				<key>COPY_PHASE_STRIP</key>
				<string>NO</string>
				<key>DEBUG_INFORMATION_FORMAT</key>
				<string>dwarf</string>
				<key>ENABLE_STRICT_OBJC_MSGSEND</key>
				<string>YES</string>
				<key>ENABLE_TESTABILITY</key>
				<string>YES</string>
				<key>GCC_C_LANGUAGE_STANDARD</key>
				<string>gnu99</string>
				<key>GCC_DYNAMIC_NO_PIC</key>
				<string>NO</string>
				<key>GCC_NO_COMMON_BLOCKS</key>
				<string>YES</string>
				<key>GCC_OPTIMIZATION_LEVEL</key>
				<string>0</string>
				<key>GCC_PREPROCESSOR_DEFINITIONS</key>
				<array>
					<string>DEBUG=1</string>
					<string>$(inherited)</string>
				</array>
				<key>GCC_WARN_64_TO_32_BIT_CONVERSION</key>
				<string>YES</string>
				<key>GCC_WARN_ABOUT_RETURN_TYPE</key>
				<string>YES_ERROR</string>
				<key>GCC_WARN_UNDECLARED_SELECTOR</key>
				<string>YES</string>
				<key>GCC_WARN_UNINITIALIZED_AUTOS</key>
				<string>YES_AGGRESSIVE</string>
				<key>GCC_WARN_UNUSED_FUNCTION</key>
				<string>YES</string>
				<key>GCC_WARN_UNUSED_VARIABLE</key>
				<string>YES</string>
				<key>IPHONEOS_DEPLOYMENT_TARGET</key>
				<string>10.3</string>
				<key>MTL_ENABLE_DEBUG_INFO</key>
				<string>YES</string>
				<key>ONLY_ACTIVE_ARCH</key>
				<string>YES</string>
				<key>SDKROOT</key>
				<string>iphoneos</string>
				<key>TARGETED_DEVICE_FAMILY</key>
				<string>1,2</string>
			</dict>
			<key>isa</key>
			<string>XCBuildConfiguration</string>
			<key>name</key>
			<string>Debug</string>
		</dict>
		<key>521A4F001F0B766C00E5F155</key>
		<dict>
			<key>buildSettings</key>
			<dict>
				<key>ALWAYS_SEARCH_USER_PATHS</key>
				<string>NO</string>
				<key>CLANG_ANALYZER_NONNULL</key>
				<string>YES</string>
				<key>CLANG_ANALYZER_NUMBER_OBJECT_CONVERSION</key>
				<string>YES_AGGRESSIVE</string>
				<key>CLANG_CXX_LANGUAGE_STANDARD</key>
				<string>gnu++0x</string>
				<key>CLANG_CXX_LIBRARY</key>
				<string>libc++</string>
				<key>CLANG_ENABLE_MODULES</key>
				<string>YES</string>
				<key>CLANG_ENABLE_OBJC_ARC</key>
				<string>YES</string>
				<key>CLANG_WARN_BOOL_CONVERSION</key>
				<string>YES</string>
				<key>CLANG_WARN_CONSTANT_CONVERSION</key>
				<string>YES</string>
				<key>CLANG_WARN_DIRECT_OBJC_ISA_USAGE</key>
				<string>YES_ERROR</string>
				<key>CLANG_WARN_DOCUMENTATION_COMMENTS</key>
				<string>YES</string>
				<key>CLANG_WARN_EMPTY_BODY</key>
				<string>YES</string>
				<key>CLANG_WARN_ENUM_CONVERSION</key>
				<string>YES</string>
				<key>CLANG_WARN_INFINITE_RECURSION</key>
				<string>YES</string>
				<key>CLANG_WARN_INT_CONVERSION</key>
				<string>YES</string>
				<key>CLANG_WARN_OBJC_ROOT_CLASS</key>
				<string>YES_ERROR</string>
				<key>CLANG_WARN_SUSPICIOUS_MOVE</key>
				<string>YES</string>
				<key>CLANG_WARN_UNREACHABLE_CODE</key>
				<string>YES</string>
				<key>CLANG_WARN__DUPLICATE_METHOD_MATCH</key>
				<string>YES</string>
				<key>CODE_SIGN_IDENTITY[sdk=iphoneos*]</key>
				<string>iPhone Developer</string>
				<key>COPY_PHASE_STRIP</key>
				<string>NO</string>
				<key>DEBUG_INFORMATION_FORMAT</key>
				<string>dwarf-with-dsym</string>
				<key>ENABLE_NS_ASSERTIONS</key>
				<string>NO</string>
				<key>ENABLE_STRICT_OBJC_MSGSEND</key>
				<string>YES</string>
				<key>GCC_C_LANGUAGE_STANDARD</key>
				<string>gnu99</string>
				<key>GCC_NO_COMMON_BLOCKS</key>
				<string>YES</string>
				<key>GCC_WARN_64_TO_32_BIT_CONVERSION</key>
				<string>YES</string>
				<key>GCC_WARN_ABOUT_RETURN_TYPE</key>
				<string>YES_ERROR</string>
				<key>GCC_WARN_UNDECLARED_SELECTOR</key>
				<string>YES</string>
				<key>GCC_WARN_UNINITIALIZED_AUTOS</key>
				<string>YES_AGGRESSIVE</string>
				<key>GCC_WARN_UNUSED_FUNCTION</key>
				<string>YES</string>
				<key>GCC_WARN_UNUSED_VARIABLE</key>
				<string>YES</string>
				<key>IPHONEOS_DEPLOYMENT_TARGET</key>
				<string>10.3</string>
				<key>MTL_ENABLE_DEBUG_INFO</key>
				<string>NO</string>
				<key>SDKROOT</key>
				<string>iphoneos</string>
				<key>TARGETED_DEVICE_FAMILY</key>
				<string>1,2</string>
				<key>VALIDATE_PRODUCT</key>
				<string>YES</string>
			</dict>
			<key>isa</key>
			<string>XCBuildConfiguration</string>
			<key>name</key>
			<string>Release</string>
		</dict>
		<key>521A4F011F0B766C00E5F155</key>
		<dict>
			<key>buildConfigurations</key>
			<array>
				<string>521A4F021F0B766C00E5F155</string>
				<string>521A4F031F0B766C00E5F155</string>
			</array>
			<key>defaultConfigurationIsVisible</key>
			<string>0</string>
			<key>defaultConfigurationName</key>
			<string>Release</string>
			<key>isa</key>
			<string>XCConfigurationList</string>
		</dict>
		<key>521A4F021F0B766C00E5F155</key>
		<dict>
			<key>baseConfigurationReference</key>
			<string>ECD839518DD38BB9E2CE4C8A</string>
			<key>buildSettings</key>
			<dict>
				<key>ASSETCATALOG_COMPILER_APPICON_NAME</key>
				<string>AppIcon</string>
				<key>DEVELOPMENT_TEAM</key>
				<string>QBAB3CS86A</string>
				<key>ENABLE_BITCODE</key>
				<string>NO</string>
				<key>FRAMEWORK_SEARCH_PATHS</key>
				<array>
					<string>$(inherited)</string>
					<string>$(PROJECT_DIR)</string>
					<string>$(PROJECT_DIR)/libs</string>
				</array>
				<key>GCC_PREFIX_HEADER</key>
				<string>MADVCameraDemo/PrefixHeader.h</string>
				<key>HEADER_SEARCH_PATHS</key>
				<array>
					<string>$(PROJECT_DIR)/MADVCamera.framework/Headers/**</string>
					<string>$(PROJECT_DIR)/MADVPano.framework/Headers</string>
					<string>"$PODS_CONFIGURATION_BUILD_DIR/SSZipArchive/minizip"</string>
					<string>"$PODS_CONFIGURATION_BUILD_DIR/SSZipArchive"</string>
				</array>
				<key>INFOPLIST_FILE</key>
				<string>MADVCameraDemo/Info.plist</string>
				<key>IPHONEOS_DEPLOYMENT_TARGET</key>
				<string>8.0</string>
				<key>LD_RUNPATH_SEARCH_PATHS</key>
				<string>$(inherited) @executable_path/Frameworks</string>
				<key>LIBRARY_SEARCH_PATHS</key>
				<array>
					<string>$(inherited)</string>
					<string>"$PODS_CONFIGURATION_BUILD_DIR/AFNetworking"</string>
					<string>"$PODS_CONFIGURATION_BUILD_DIR/DACircularProgress"</string>
					<string>"$PODS_CONFIGURATION_BUILD_DIR/JLRoutes"</string>
					<string>"$PODS_CONFIGURATION_BUILD_DIR/MBProgressHUD"</string>
					<string>"$PODS_CONFIGURATION_BUILD_DIR/MJExtension"</string>
					<string>"$PODS_CONFIGURATION_BUILD_DIR/MJRefresh"</string>
					<string>"$PODS_CONFIGURATION_BUILD_DIR/MWPhotoBrowser"</string>
					<string>"$PODS_CONFIGURATION_BUILD_DIR/Masonry"</string>
					<string>"$PODS_CONFIGURATION_BUILD_DIR/PSTCollectionView"</string>
					<string>"$PODS_CONFIGURATION_BUILD_DIR/SDWebImage"</string>
					<string>"$PODS_CONFIGURATION_BUILD_DIR/SSKeychain"</string>
					<string>"$PODS_CONFIGURATION_BUILD_DIR/SSZipArchive"</string>
					<string>"$PODS_CONFIGURATION_BUILD_DIR/THProgressView"</string>
					<string>$(PROJECT_DIR)/MADVCamera.framework/**</string>
					<string>$(PROJECT_DIR)/MADVPano.framework/**</string>
					<string>$(PROJECT_DIR)/libs/FFmpeg</string>
				</array>
				<key>OTHER_LDFLAGS</key>
				<array>
					<string>$(inherited)</string>
					<string>-ObjC</string>
					<string>-l"AFNetworking"</string>
					<string>-l"DACircularProgress"</string>
					<string>-l"JLRoutes"</string>
					<string>-l"MBProgressHUD"</string>
					<string>-l"MJExtension"</string>
					<string>-l"MJRefresh"</string>
					<string>-l"MWPhotoBrowser"</string>
					<string>-l"Masonry"</string>
					<string>-l"PSTCollectionView"</string>
					<string>-l"Realm"</string>
					<string>-l"SDWebImage"</string>
					<string>-l"SSKeychain"</string>
					<string>-l"SSZipArchive"</string>
					<string>-l"THProgressView"</string>
					<string>-l"c++"</string>
					<string>-l"z"</string>
					<string>-framework</string>
					<string>"AssetsLibrary"</string>
					<string>-framework</string>
					<string>"CoreGraphics"</string>
					<string>-framework</string>
					<string>"Foundation"</string>
					<string>-framework</string>
					<string>"ImageIO"</string>
					<string>-framework</string>
					<string>"MapKit"</string>
					<string>-framework</string>
					<string>"MessageUI"</string>
					<string>-framework</string>
					<string>"MobileCoreServices"</string>
					<string>-framework</string>
					<string>"QuartzCore"</string>
					<string>-framework</string>
					<string>"Security"</string>
					<string>-framework</string>
					<string>"SystemConfiguration"</string>
					<string>-framework</string>
					<string>"UIKit"</string>
				</array>
				<key>PRODUCT_BUNDLE_IDENTIFIER</key>
				<string>com.madv.MADVCameraDemo</string>
				<key>PRODUCT_NAME</key>
				<string>$(TARGET_NAME)</string>
			</dict>
			<key>isa</key>
			<string>XCBuildConfiguration</string>
			<key>name</key>
			<string>Debug</string>
		</dict>
		<key>521A4F031F0B766C00E5F155</key>
		<dict>
			<key>baseConfigurationReference</key>
			<string>664A85556F7159585B5439CC</string>
			<key>buildSettings</key>
			<dict>
				<key>ASSETCATALOG_COMPILER_APPICON_NAME</key>
				<string>AppIcon</string>
				<key>DEVELOPMENT_TEAM</key>
				<string>QBAB3CS86A</string>
				<key>ENABLE_BITCODE</key>
				<string>NO</string>
				<key>FRAMEWORK_SEARCH_PATHS</key>
				<array>
					<string>$(inherited)</string>
					<string>$(PROJECT_DIR)</string>
					<string>$(PROJECT_DIR)/libs</string>
				</array>
				<key>GCC_PREFIX_HEADER</key>
				<string>MADVCameraDemo/PrefixHeader.h</string>
				<key>HEADER_SEARCH_PATHS</key>
				<array>
					<string>$(PROJECT_DIR)/MADVCamera.framework/Headers/**</string>
					<string>$(PROJECT_DIR)/MADVPano.framework/Headers</string>
					<string>"$PODS_CONFIGURATION_BUILD_DIR/SSZipArchive/minizip"</string>
					<string>"$PODS_CONFIGURATION_BUILD_DIR/SSZipArchive"</string>
				</array>
				<key>INFOPLIST_FILE</key>
				<string>MADVCameraDemo/Info.plist</string>
				<key>IPHONEOS_DEPLOYMENT_TARGET</key>
				<string>8.0</string>
				<key>LD_RUNPATH_SEARCH_PATHS</key>
				<string>$(inherited) @executable_path/Frameworks</string>
				<key>LIBRARY_SEARCH_PATHS</key>
				<array>
					<string>$(inherited)</string>
					<string>"$PODS_CONFIGURATION_BUILD_DIR/AFNetworking"</string>
					<string>"$PODS_CONFIGURATION_BUILD_DIR/DACircularProgress"</string>
					<string>"$PODS_CONFIGURATION_BUILD_DIR/JLRoutes"</string>
					<string>"$PODS_CONFIGURATION_BUILD_DIR/MBProgressHUD"</string>
					<string>"$PODS_CONFIGURATION_BUILD_DIR/MJExtension"</string>
					<string>"$PODS_CONFIGURATION_BUILD_DIR/MJRefresh"</string>
					<string>"$PODS_CONFIGURATION_BUILD_DIR/MWPhotoBrowser"</string>
					<string>"$PODS_CONFIGURATION_BUILD_DIR/Masonry"</string>
					<string>"$PODS_CONFIGURATION_BUILD_DIR/PSTCollectionView"</string>
					<string>"$PODS_CONFIGURATION_BUILD_DIR/SDWebImage"</string>
					<string>"$PODS_CONFIGURATION_BUILD_DIR/SSKeychain"</string>
					<string>"$PODS_CONFIGURATION_BUILD_DIR/SSZipArchive"</string>
					<string>"$PODS_CONFIGURATION_BUILD_DIR/THProgressView"</string>
					<string>$(PROJECT_DIR)/MADVPano.framework/**</string>
					<string>$(PROJECT_DIR)/MADVCamera.framework/**</string>
					<string>$(PROJECT_DIR)/libs/FFmpeg</string>
				</array>
				<key>OTHER_LDFLAGS</key>
				<array>
					<string>$(inherited)</string>
					<string>-ObjC</string>
					<string>-l"AFNetworking"</string>
					<string>-l"DACircularProgress"</string>
					<string>-l"JLRoutes"</string>
					<string>-l"MBProgressHUD"</string>
					<string>-l"MJExtension"</string>
					<string>-l"MJRefresh"</string>
					<string>-l"MWPhotoBrowser"</string>
					<string>-l"Masonry"</string>
					<string>-l"PSTCollectionView"</string>
					<string>-l"Realm"</string>
					<string>-l"SDWebImage"</string>
					<string>-l"SSKeychain"</string>
					<string>-l"SSZipArchive"</string>
					<string>-l"THProgressView"</string>
					<string>-l"c++"</string>
					<string>-l"z"</string>
					<string>-framework</string>
					<string>"AssetsLibrary"</string>
					<string>-framework</string>
					<string>"CoreGraphics"</string>
					<string>-framework</string>
					<string>"Foundation"</string>
					<string>-framework</string>
					<string>"ImageIO"</string>
					<string>-framework</string>
					<string>"MapKit"</string>
					<string>-framework</string>
					<string>"MessageUI"</string>
					<string>-framework</string>
					<string>"MobileCoreServices"</string>
					<string>-framework</string>
					<string>"QuartzCore"</string>
					<string>-framework</string>
					<string>"Security"</string>
					<string>-framework</string>
					<string>"SystemConfiguration"</string>
					<string>-framework</string>
					<string>"UIKit"</string>
				</array>
				<key>PRODUCT_BUNDLE_IDENTIFIER</key>
				<string>com.madv.MADVCameraDemo</string>
				<key>PRODUCT_NAME</key>
				<string>$(TARGET_NAME)</string>
			</dict>
			<key>isa</key>
			<string>XCBuildConfiguration</string>
			<key>name</key>
			<string>Release</string>
		</dict>
		<key>521A4F041F0B766C00E5F155</key>
		<dict>
			<key>buildConfigurations</key>
			<array>
				<string>521A4F051F0B766C00E5F155</string>
				<string>521A4F061F0B766C00E5F155</string>
			</array>
			<key>defaultConfigurationIsVisible</key>
			<string>0</string>
			<key>defaultConfigurationName</key>
			<string>Release</string>
			<key>isa</key>
			<string>XCConfigurationList</string>
		</dict>
		<key>521A4F051F0B766C00E5F155</key>
		<dict>
			<key>buildSettings</key>
			<dict>
				<key>DEVELOPMENT_TEAM</key>
				<string>QBAB3CS86A</string>
				<key>INFOPLIST_FILE</key>
				<string>MADVCameraDemoUITests/Info.plist</string>
				<key>LD_RUNPATH_SEARCH_PATHS</key>
				<string>$(inherited) @executable_path/Frameworks @loader_path/Frameworks</string>
				<key>PRODUCT_BUNDLE_IDENTIFIER</key>
				<string>com.madv.MADVCameraDemoUITests</string>
				<key>PRODUCT_NAME</key>
				<string>$(TARGET_NAME)</string>
				<key>TEST_TARGET_NAME</key>
				<string>MADVCameraDemo</string>
			</dict>
			<key>isa</key>
			<string>XCBuildConfiguration</string>
			<key>name</key>
			<string>Debug</string>
		</dict>
		<key>521A4F061F0B766C00E5F155</key>
		<dict>
			<key>buildSettings</key>
			<dict>
				<key>DEVELOPMENT_TEAM</key>
				<string>QBAB3CS86A</string>
				<key>INFOPLIST_FILE</key>
				<string>MADVCameraDemoUITests/Info.plist</string>
				<key>LD_RUNPATH_SEARCH_PATHS</key>
				<string>$(inherited) @executable_path/Frameworks @loader_path/Frameworks</string>
				<key>PRODUCT_BUNDLE_IDENTIFIER</key>
				<string>com.madv.MADVCameraDemoUITests</string>
				<key>PRODUCT_NAME</key>
				<string>$(TARGET_NAME)</string>
				<key>TEST_TARGET_NAME</key>
				<string>MADVCameraDemo</string>
			</dict>
			<key>isa</key>
			<string>XCBuildConfiguration</string>
			<key>name</key>
			<string>Release</string>
		</dict>
		<key>521A4F131F0B78BF00E5F155</key>
		<dict>
			<key>fileEncoding</key>
			<string>4</string>
			<key>isa</key>
			<string>PBXFileReference</string>
			<key>lastKnownFileType</key>
			<string>sourcecode.cpp.objcpp</string>
			<key>path</key>
			<string>MediaPlayerViewController.mm</string>
			<key>sourceTree</key>
			<string>&lt;group&gt;</string>
		</dict>
		<key>521A4F141F0B78BF00E5F155</key>
		<dict>
			<key>fileEncoding</key>
			<string>4</string>
			<key>isa</key>
			<string>PBXFileReference</string>
			<key>lastKnownFileType</key>
			<string>sourcecode.c.h</string>
			<key>path</key>
			<string>MediaPlayerViewController.h</string>
			<key>sourceTree</key>
			<string>&lt;group&gt;</string>
		</dict>
		<key>521A4F151F0B78BF00E5F155</key>
		<dict>
			<key>fileRef</key>
			<string>521A4F131F0B78BF00E5F155</string>
			<key>isa</key>
			<string>PBXBuildFile</string>
		</dict>
		<key>521A4F161F0B78F600E5F155</key>
		<dict>
			<key>fileEncoding</key>
			<string>4</string>
			<key>isa</key>
			<string>PBXFileReference</string>
			<key>lastKnownFileType</key>
			<string>sourcecode.c.h</string>
			<key>path</key>
			<string>KxMovieViewController.h</string>
			<key>sourceTree</key>
			<string>&lt;group&gt;</string>
		</dict>
		<key>521A4F171F0B78F600E5F155</key>
		<dict>
			<key>fileEncoding</key>
			<string>4</string>
			<key>isa</key>
			<string>PBXFileReference</string>
			<key>lastKnownFileType</key>
			<string>sourcecode.cpp.objcpp</string>
			<key>path</key>
			<string>KxMovieViewController.mm</string>
			<key>sourceTree</key>
			<string>&lt;group&gt;</string>
		</dict>
		<key>521A4F181F0B78F600E5F155</key>
		<dict>
			<key>fileRef</key>
			<string>521A4F171F0B78F600E5F155</string>
			<key>isa</key>
			<string>PBXBuildFile</string>
		</dict>
		<key>521A4F191F0B7D3300E5F155</key>
		<dict>
			<key>children</key>
			<array>
				<string>521A4F681F0BAAB800E5F155</string>
				<string>521A4F5F1F0B9D4100E5F155</string>
				<string>521A4F551F0B9D2C00E5F155</string>
				<string>521A4F561F0B9D2C00E5F155</string>
				<string>521A4F571F0B9D2C00E5F155</string>
				<string>521A4F581F0B9D2C00E5F155</string>
				<string>521A4F591F0B9D2C00E5F155</string>
				<string>521A4F531F0B9C5E00E5F155</string>
				<string>521A4F511F0B9C5400E5F155</string>
				<string>521A4F4F1F0B9C3500E5F155</string>
				<string>521A4F4B1F0B9C2D00E5F155</string>
				<string>521A4F4C1F0B9C2D00E5F155</string>
				<string>521A4F491F0B9C2000E5F155</string>
				<string>521A4F471F0B9C0400E5F155</string>
				<string>521A4F451F0B9C0000E5F155</string>
				<string>521A4F431F0B9BFB00E5F155</string>
				<string>521A4F411F0B9BE800E5F155</string>
				<string>521A4F3F1F0B9BE300E5F155</string>
				<string>521A4F3D1F0B9BDB00E5F155</string>
				<string>521A4F3B1F0B9A0700E5F155</string>
				<string>521A4F391F0B98E000E5F155</string>
				<string>521A4F301F0B938600E5F155</string>
				<string>521A4F2E1F0B938000E5F155</string>
				<string>521A4F2C1F0B936F00E5F155</string>
				<string>521A4F2A1F0B936900E5F155</string>
				<string>521A4F281F0B934B00E5F155</string>
				<string>521A4F1A1F0B7D3300E5F155</string>
				<string>F3E22FF2085F15F1C2621E22</string>
			</array>
			<key>isa</key>
			<string>PBXGroup</string>
			<key>name</key>
			<string>Frameworks</string>
			<key>sourceTree</key>
			<string>&lt;group&gt;</string>
		</dict>
		<key>521A4F1A1F0B7D3300E5F155</key>
		<dict>
			<key>isa</key>
			<string>PBXFileReference</string>
			<key>lastKnownFileType</key>
			<string>wrapper.framework</string>
			<key>name</key>
			<string>MADVPano.framework</string>
			<key>path</key>
			<string>MADVCameraFramework/MADVPano.framework</string>
			<key>sourceTree</key>
			<string>&lt;group&gt;</string>
		</dict>
		<key>521A4F1C1F0B7DE800E5F155</key>
		<dict>
			<key>isa</key>
			<string>PBXFileReference</string>
			<key>lastKnownFileType</key>
			<string>sourcecode.c.h</string>
			<key>path</key>
			<string>PrefixHeader.h</string>
			<key>sourceTree</key>
			<string>&lt;group&gt;</string>
		</dict>
		<key>521A4F1F1F0B849900E5F155</key>
		<dict>
			<key>fileEncoding</key>
			<string>4</string>
			<key>isa</key>
			<string>PBXFileReference</string>
			<key>lastKnownFileType</key>
			<string>sourcecode.c.h</string>
			<key>path</key>
			<string>UIViewController+Extensions.h</string>
			<key>sourceTree</key>
			<string>&lt;group&gt;</string>
		</dict>
		<key>521A4F201F0B849900E5F155</key>
		<dict>
			<key>fileEncoding</key>
			<string>4</string>
			<key>isa</key>
			<string>PBXFileReference</string>
			<key>lastKnownFileType</key>
			<string>sourcecode.c.objc</string>
			<key>path</key>
			<string>UIViewController+Extensions.m</string>
			<key>sourceTree</key>
			<string>&lt;group&gt;</string>
		</dict>
		<key>521A4F211F0B849900E5F155</key>
		<dict>
			<key>fileRef</key>
			<string>521A4F201F0B849900E5F155</string>
			<key>isa</key>
			<string>PBXBuildFile</string>
		</dict>
		<key>521A4F251F0B92AB00E5F155</key>
		<dict>
			<key>fileEncoding</key>
			<string>4</string>
			<key>isa</key>
			<string>PBXFileReference</string>
			<key>lastKnownFileType</key>
			<string>sourcecode.c.h</string>
			<key>path</key>
			<string>z_Sandbox.h</string>
			<key>sourceTree</key>
			<string>&lt;group&gt;</string>
		</dict>
		<key>521A4F281F0B934B00E5F155</key>
		<dict>
			<key>isa</key>
			<string>PBXFileReference</string>
			<key>lastKnownFileType</key>
			<string>sourcecode.text-based-dylib-definition</string>
			<key>name</key>
			<string>libiconv.tbd</string>
			<key>path</key>
			<string>usr/lib/libiconv.tbd</string>
			<key>sourceTree</key>
			<string>SDKROOT</string>
		</dict>
		<key>521A4F291F0B934B00E5F155</key>
		<dict>
			<key>fileRef</key>
			<string>521A4F281F0B934B00E5F155</string>
			<key>isa</key>
			<string>PBXBuildFile</string>
		</dict>
		<key>521A4F2A1F0B936900E5F155</key>
		<dict>
			<key>isa</key>
			<string>PBXFileReference</string>
			<key>lastKnownFileType</key>
			<string>sourcecode.text-based-dylib-definition</string>
			<key>name</key>
			<string>libz.tbd</string>
			<key>path</key>
			<string>usr/lib/libz.tbd</string>
			<key>sourceTree</key>
			<string>SDKROOT</string>
		</dict>
		<key>521A4F2B1F0B936900E5F155</key>
		<dict>
			<key>fileRef</key>
			<string>521A4F2A1F0B936900E5F155</string>
			<key>isa</key>
			<string>PBXBuildFile</string>
		</dict>
		<key>521A4F2C1F0B936F00E5F155</key>
		<dict>
			<key>isa</key>
			<string>PBXFileReference</string>
			<key>lastKnownFileType</key>
			<string>sourcecode.text-based-dylib-definition</string>
			<key>name</key>
			<string>libxml2.2.tbd</string>
			<key>path</key>
			<string>usr/lib/libxml2.2.tbd</string>
			<key>sourceTree</key>
			<string>SDKROOT</string>
		</dict>
		<key>521A4F2D1F0B936F00E5F155</key>
		<dict>
			<key>fileRef</key>
			<string>521A4F2C1F0B936F00E5F155</string>
			<key>isa</key>
			<string>PBXBuildFile</string>
		</dict>
		<key>521A4F2E1F0B938000E5F155</key>
		<dict>
			<key>isa</key>
			<string>PBXFileReference</string>
			<key>lastKnownFileType</key>
			<string>wrapper.framework</string>
			<key>name</key>
			<string>AVFoundation.framework</string>
			<key>path</key>
			<string>System/Library/Frameworks/AVFoundation.framework</string>
			<key>sourceTree</key>
			<string>SDKROOT</string>
		</dict>
		<key>521A4F2F1F0B938000E5F155</key>
		<dict>
			<key>fileRef</key>
			<string>521A4F2E1F0B938000E5F155</string>
			<key>isa</key>
			<string>PBXBuildFile</string>
		</dict>
		<key>521A4F301F0B938600E5F155</key>
		<dict>
			<key>isa</key>
			<string>PBXFileReference</string>
			<key>lastKnownFileType</key>
			<string>wrapper.framework</string>
			<key>name</key>
			<string>OpenGLES.framework</string>
			<key>path</key>
			<string>System/Library/Frameworks/OpenGLES.framework</string>
			<key>sourceTree</key>
			<string>SDKROOT</string>
		</dict>
		<key>521A4F311F0B938600E5F155</key>
		<dict>
			<key>fileRef</key>
			<string>521A4F301F0B938600E5F155</string>
			<key>isa</key>
			<string>PBXBuildFile</string>
		</dict>
		<key>521A4F391F0B98E000E5F155</key>
		<dict>
			<key>isa</key>
			<string>PBXFileReference</string>
			<key>lastKnownFileType</key>
			<string>wrapper.framework</string>
			<key>path</key>
			<string>MADVCamera.framework</string>
			<key>sourceTree</key>
			<string>&lt;group&gt;</string>
		</dict>
		<key>521A4F3A1F0B98E000E5F155</key>
		<dict>
			<key>fileRef</key>
			<string>521A4F391F0B98E000E5F155</string>
			<key>isa</key>
			<string>PBXBuildFile</string>
		</dict>
		<key>521A4F3B1F0B9A0700E5F155</key>
		<dict>
			<key>isa</key>
			<string>PBXFileReference</string>
			<key>lastKnownFileType</key>
			<string>wrapper.framework</string>
			<key>path</key>
			<string>MADVPano.framework</string>
			<key>sourceTree</key>
			<string>&lt;group&gt;</string>
		</dict>
		<key>521A4F3C1F0B9A0800E5F155</key>
		<dict>
			<key>fileRef</key>
			<string>521A4F3B1F0B9A0700E5F155</string>
			<key>isa</key>
			<string>PBXBuildFile</string>
		</dict>
		<key>521A4F3D1F0B9BDB00E5F155</key>
		<dict>
			<key>isa</key>
			<string>PBXFileReference</string>
			<key>lastKnownFileType</key>
			<string>wrapper.framework</string>
			<key>name</key>
			<string>CoreFoundation.framework</string>
			<key>path</key>
			<string>System/Library/Frameworks/CoreFoundation.framework</string>
			<key>sourceTree</key>
			<string>SDKROOT</string>
		</dict>
		<key>521A4F3E1F0B9BDB00E5F155</key>
		<dict>
			<key>fileRef</key>
			<string>521A4F3D1F0B9BDB00E5F155</string>
			<key>isa</key>
			<string>PBXBuildFile</string>
		</dict>
		<key>521A4F3F1F0B9BE300E5F155</key>
		<dict>
			<key>isa</key>
			<string>PBXFileReference</string>
			<key>lastKnownFileType</key>
			<string>wrapper.framework</string>
			<key>name</key>
			<string>Foundation.framework</string>
			<key>path</key>
			<string>System/Library/Frameworks/Foundation.framework</string>
			<key>sourceTree</key>
			<string>SDKROOT</string>
		</dict>
		<key>521A4F401F0B9BE300E5F155</key>
		<dict>
			<key>fileRef</key>
			<string>521A4F3F1F0B9BE300E5F155</string>
			<key>isa</key>
			<string>PBXBuildFile</string>
		</dict>
		<key>521A4F411F0B9BE800E5F155</key>
		<dict>
			<key>isa</key>
			<string>PBXFileReference</string>
			<key>lastKnownFileType</key>
			<string>wrapper.framework</string>
			<key>name</key>
			<string>VideoToolbox.framework</string>
			<key>path</key>
			<string>System/Library/Frameworks/VideoToolbox.framework</string>
			<key>sourceTree</key>
			<string>SDKROOT</string>
		</dict>
		<key>521A4F421F0B9BE800E5F155</key>
		<dict>
			<key>fileRef</key>
			<string>521A4F411F0B9BE800E5F155</string>
			<key>isa</key>
			<string>PBXBuildFile</string>
		</dict>
		<key>521A4F431F0B9BFB00E5F155</key>
		<dict>
			<key>isa</key>
			<string>PBXFileReference</string>
			<key>lastKnownFileType</key>
			<string>wrapper.framework</string>
			<key>name</key>
			<string>CoreGraphics.framework</string>
			<key>path</key>
			<string>System/Library/Frameworks/CoreGraphics.framework</string>
			<key>sourceTree</key>
			<string>SDKROOT</string>
		</dict>
		<key>521A4F441F0B9BFB00E5F155</key>
		<dict>
			<key>fileRef</key>
			<string>521A4F431F0B9BFB00E5F155</string>
			<key>isa</key>
			<string>PBXBuildFile</string>
		</dict>
		<key>521A4F451F0B9C0000E5F155</key>
		<dict>
			<key>isa</key>
			<string>PBXFileReference</string>
			<key>lastKnownFileType</key>
			<string>wrapper.framework</string>
			<key>name</key>
			<string>QuartzCore.framework</string>
			<key>path</key>
			<string>System/Library/Frameworks/QuartzCore.framework</string>
			<key>sourceTree</key>
			<string>SDKROOT</string>
		</dict>
		<key>521A4F461F0B9C0000E5F155</key>
		<dict>
			<key>fileRef</key>
			<string>521A4F451F0B9C0000E5F155</string>
			<key>isa</key>
			<string>PBXBuildFile</string>
		</dict>
		<key>521A4F471F0B9C0400E5F155</key>
		<dict>
			<key>isa</key>
			<string>PBXFileReference</string>
			<key>lastKnownFileType</key>
			<string>wrapper.framework</string>
			<key>name</key>
			<string>CoreTelephony.framework</string>
			<key>path</key>
			<string>System/Library/Frameworks/CoreTelephony.framework</string>
			<key>sourceTree</key>
			<string>SDKROOT</string>
		</dict>
		<key>521A4F481F0B9C0400E5F155</key>
		<dict>
			<key>fileRef</key>
			<string>521A4F471F0B9C0400E5F155</string>
			<key>isa</key>
			<string>PBXBuildFile</string>
		</dict>
		<key>521A4F491F0B9C2000E5F155</key>
		<dict>
			<key>isa</key>
			<string>PBXFileReference</string>
			<key>lastKnownFileType</key>
			<string>sourcecode.text-based-dylib-definition</string>
			<key>name</key>
			<string>libsqlite3.tbd</string>
			<key>path</key>
			<string>usr/lib/libsqlite3.tbd</string>
			<key>sourceTree</key>
			<string>SDKROOT</string>
		</dict>
		<key>521A4F4A1F0B9C2000E5F155</key>
		<dict>
			<key>fileRef</key>
			<string>521A4F491F0B9C2000E5F155</string>
			<key>isa</key>
			<string>PBXBuildFile</string>
		</dict>
		<key>521A4F4B1F0B9C2D00E5F155</key>
		<dict>
			<key>isa</key>
			<string>PBXFileReference</string>
			<key>lastKnownFileType</key>
			<string>wrapper.framework</string>
			<key>name</key>
			<string>AudioToolbox.framework</string>
			<key>path</key>
			<string>System/Library/Frameworks/AudioToolbox.framework</string>
			<key>sourceTree</key>
			<string>SDKROOT</string>
		</dict>
		<key>521A4F4C1F0B9C2D00E5F155</key>
		<dict>
			<key>isa</key>
			<string>PBXFileReference</string>
			<key>lastKnownFileType</key>
			<string>wrapper.framework</string>
			<key>name</key>
			<string>CoreAudio.framework</string>
			<key>path</key>
			<string>System/Library/Frameworks/CoreAudio.framework</string>
			<key>sourceTree</key>
			<string>SDKROOT</string>
		</dict>
		<key>521A4F4D1F0B9C2D00E5F155</key>
		<dict>
			<key>fileRef</key>
			<string>521A4F4B1F0B9C2D00E5F155</string>
			<key>isa</key>
			<string>PBXBuildFile</string>
		</dict>
		<key>521A4F4E1F0B9C2D00E5F155</key>
		<dict>
			<key>fileRef</key>
			<string>521A4F4C1F0B9C2D00E5F155</string>
			<key>isa</key>
			<string>PBXBuildFile</string>
		</dict>
		<key>521A4F4F1F0B9C3500E5F155</key>
		<dict>
			<key>isa</key>
			<string>PBXFileReference</string>
			<key>lastKnownFileType</key>
			<string>wrapper.framework</string>
			<key>name</key>
			<string>CoreVideo.framework</string>
			<key>path</key>
			<string>System/Library/Frameworks/CoreVideo.framework</string>
			<key>sourceTree</key>
			<string>SDKROOT</string>
		</dict>
		<key>521A4F501F0B9C3500E5F155</key>
		<dict>
			<key>fileRef</key>
			<string>521A4F4F1F0B9C3500E5F155</string>
			<key>isa</key>
			<string>PBXBuildFile</string>
		</dict>
		<key>521A4F511F0B9C5400E5F155</key>
		<dict>
			<key>isa</key>
			<string>PBXFileReference</string>
			<key>lastKnownFileType</key>
			<string>wrapper.framework</string>
			<key>name</key>
			<string>Accelerate.framework</string>
			<key>path</key>
			<string>System/Library/Frameworks/Accelerate.framework</string>
			<key>sourceTree</key>
			<string>SDKROOT</string>
		</dict>
		<key>521A4F521F0B9C5400E5F155</key>
		<dict>
			<key>fileRef</key>
			<string>521A4F511F0B9C5400E5F155</string>
			<key>isa</key>
			<string>PBXBuildFile</string>
		</dict>
		<key>521A4F531F0B9C5E00E5F155</key>
		<dict>
			<key>isa</key>
			<string>PBXFileReference</string>
			<key>lastKnownFileType</key>
			<string>wrapper.framework</string>
			<key>name</key>
			<string>CoreMedia.framework</string>
			<key>path</key>
			<string>System/Library/Frameworks/CoreMedia.framework</string>
			<key>sourceTree</key>
			<string>SDKROOT</string>
		</dict>
		<key>521A4F541F0B9C5E00E5F155</key>
		<dict>
			<key>fileRef</key>
			<string>521A4F531F0B9C5E00E5F155</string>
			<key>isa</key>
			<string>PBXBuildFile</string>
		</dict>
		<key>521A4F551F0B9D2C00E5F155</key>
		<dict>
			<key>isa</key>
			<string>PBXFileReference</string>
			<key>lastKnownFileType</key>
			<string>archive.ar</string>
			<key>name</key>
			<string>libavcodec.a</string>
			<key>path</key>
			<string>libs/FFmpeg/libavcodec.a</string>
			<key>sourceTree</key>
			<string>&lt;group&gt;</string>
		</dict>
		<key>521A4F561F0B9D2C00E5F155</key>
		<dict>
			<key>isa</key>
			<string>PBXFileReference</string>
			<key>lastKnownFileType</key>
			<string>archive.ar</string>
			<key>name</key>
			<string>libavformat.a</string>
			<key>path</key>
			<string>libs/FFmpeg/libavformat.a</string>
			<key>sourceTree</key>
			<string>&lt;group&gt;</string>
		</dict>
		<key>521A4F571F0B9D2C00E5F155</key>
		<dict>
			<key>isa</key>
			<string>PBXFileReference</string>
			<key>lastKnownFileType</key>
			<string>archive.ar</string>
			<key>name</key>
			<string>libavutil.a</string>
			<key>path</key>
			<string>libs/FFmpeg/libavutil.a</string>
			<key>sourceTree</key>
			<string>&lt;group&gt;</string>
		</dict>
		<key>521A4F581F0B9D2C00E5F155</key>
		<dict>
			<key>isa</key>
			<string>PBXFileReference</string>
			<key>lastKnownFileType</key>
			<string>archive.ar</string>
			<key>name</key>
			<string>libswresample.a</string>
			<key>path</key>
			<string>libs/FFmpeg/libswresample.a</string>
			<key>sourceTree</key>
			<string>&lt;group&gt;</string>
		</dict>
		<key>521A4F591F0B9D2C00E5F155</key>
		<dict>
			<key>isa</key>
			<string>PBXFileReference</string>
			<key>lastKnownFileType</key>
			<string>archive.ar</string>
			<key>name</key>
			<string>libswscale.a</string>
			<key>path</key>
			<string>libs/FFmpeg/libswscale.a</string>
			<key>sourceTree</key>
			<string>&lt;group&gt;</string>
		</dict>
		<key>521A4F5A1F0B9D2C00E5F155</key>
		<dict>
			<key>fileRef</key>
			<string>521A4F551F0B9D2C00E5F155</string>
			<key>isa</key>
			<string>PBXBuildFile</string>
		</dict>
		<key>521A4F5B1F0B9D2C00E5F155</key>
		<dict>
			<key>fileRef</key>
			<string>521A4F561F0B9D2C00E5F155</string>
			<key>isa</key>
			<string>PBXBuildFile</string>
		</dict>
		<key>521A4F5C1F0B9D2C00E5F155</key>
		<dict>
			<key>fileRef</key>
			<string>521A4F571F0B9D2C00E5F155</string>
			<key>isa</key>
			<string>PBXBuildFile</string>
		</dict>
		<key>521A4F5D1F0B9D2C00E5F155</key>
		<dict>
			<key>fileRef</key>
			<string>521A4F581F0B9D2C00E5F155</string>
			<key>isa</key>
			<string>PBXBuildFile</string>
		</dict>
		<key>521A4F5E1F0B9D2C00E5F155</key>
		<dict>
			<key>fileRef</key>
			<string>521A4F591F0B9D2C00E5F155</string>
			<key>isa</key>
			<string>PBXBuildFile</string>
		</dict>
		<key>521A4F5F1F0B9D4100E5F155</key>
		<dict>
			<key>isa</key>
			<string>PBXFileReference</string>
			<key>lastKnownFileType</key>
			<string>wrapper.framework</string>
			<key>name</key>
			<string>opencv2.framework</string>
			<key>path</key>
			<string>libs/opencv2.framework</string>
			<key>sourceTree</key>
			<string>&lt;group&gt;</string>
		</dict>
		<key>521A4F651F0BA1DA00E5F155</key>
		<dict>
			<key>fileEncoding</key>
			<string>4</string>
			<key>isa</key>
			<string>PBXFileReference</string>
			<key>lastKnownFileType</key>
			<string>sourcecode.c.h</string>
			<key>path</key>
			<string>MyGLView.h</string>
			<key>sourceTree</key>
			<string>&lt;group&gt;</string>
		</dict>
		<key>521A4F661F0BA1DA00E5F155</key>
		<dict>
			<key>fileEncoding</key>
			<string>4</string>
			<key>isa</key>
			<string>PBXFileReference</string>
			<key>lastKnownFileType</key>
			<string>sourcecode.cpp.objcpp</string>
			<key>path</key>
			<string>MyGLView.mm</string>
			<key>sourceTree</key>
			<string>&lt;group&gt;</string>
		</dict>
		<key>521A4F671F0BA1DA00E5F155</key>
		<dict>
			<key>fileRef</key>
			<string>521A4F661F0BA1DA00E5F155</string>
			<key>isa</key>
			<string>PBXBuildFile</string>
		</dict>
		<key>521A4F681F0BAAB800E5F155</key>
		<dict>
			<key>isa</key>
			<string>PBXFileReference</string>
			<key>lastKnownFileType</key>
			<string>wrapper.framework</string>
			<key>name</key>
			<string>CoreMotion.framework</string>
			<key>path</key>
			<string>System/Library/Frameworks/CoreMotion.framework</string>
			<key>sourceTree</key>
			<string>SDKROOT</string>
		</dict>
		<key>521A4F691F0BAAB800E5F155</key>
		<dict>
			<key>fileRef</key>
			<string>521A4F681F0BAAB800E5F155</string>
			<key>isa</key>
			<string>PBXBuildFile</string>
		</dict>
		<key>664A85556F7159585B5439CC</key>
		<dict>
			<key>includeInIndex</key>
			<string>1</string>
			<key>isa</key>
			<string>PBXFileReference</string>
			<key>lastKnownFileType</key>
			<string>text.xcconfig</string>
			<key>name</key>
			<string>Pods-MADVCameraDemo.release.xcconfig</string>
			<key>path</key>
			<string>Pods/Target Support Files/Pods-MADVCameraDemo/Pods-MADVCameraDemo.release.xcconfig</string>
			<key>sourceTree</key>
			<string>&lt;group&gt;</string>
		</dict>
		<key>7A68F7B1FE2D5ED65C230AAF</key>
		<dict>
			<key>children</key>
			<array>
				<string>ECD839518DD38BB9E2CE4C8A</string>
				<string>664A85556F7159585B5439CC</string>
			</array>
			<key>isa</key>
			<string>PBXGroup</string>
			<key>name</key>
			<string>Pods</string>
			<key>sourceTree</key>
			<string>&lt;group&gt;</string>
		</dict>
		<key>BB3DA3A01F0F7FE2009B6ACF</key>
		<dict>
			<key>fileEncoding</key>
			<string>4</string>
			<key>isa</key>
			<string>PBXFileReference</string>
			<key>lastKnownFileType</key>
			<string>sourcecode.c.h</string>
			<key>path</key>
			<string>MyMovieSegmentMerger.h</string>
			<key>sourceTree</key>
			<string>&lt;group&gt;</string>
		</dict>
		<key>BB3DA3A11F0F7FE2009B6ACF</key>
		<dict>
			<key>fileEncoding</key>
			<string>4</string>
			<key>isa</key>
			<string>PBXFileReference</string>
			<key>lastKnownFileType</key>
			<string>sourcecode.cpp.objcpp</string>
			<key>path</key>
			<string>MyMovieSegmentMerger.mm</string>
			<key>sourceTree</key>
			<string>&lt;group&gt;</string>
		</dict>
		<key>BB3DA3A31F0F7FE3009B6ACF</key>
		<dict>
			<key>fileRef</key>
			<string>BB3DA3A11F0F7FE2009B6ACF</string>
			<key>isa</key>
			<string>PBXBuildFile</string>
		</dict>
		<key>CBA32F16CA167EF2951C8A12</key>
		<dict>
			<key>buildActionMask</key>
			<string>2147483647</string>
			<key>files</key>
			<array/>
			<key>inputPaths</key>
			<array>
				<string>${PODS_PODFILE_DIR_PATH}/Podfile.lock</string>
				<string>${PODS_ROOT}/Manifest.lock</string>
			</array>
			<key>isa</key>
			<string>PBXShellScriptBuildPhase</string>
			<key>name</key>
			<string>[CP] Check Pods Manifest.lock</string>
			<key>outputPaths</key>
			<array>
				<string>$(DERIVED_FILE_DIR)/Pods-MADVCameraDemo-checkManifestLockResult.txt</string>
			</array>
			<key>runOnlyForDeploymentPostprocessing</key>
			<string>0</string>
			<key>shellPath</key>
			<string>/bin/sh</string>
			<key>shellScript</key>
			<string>diff "${PODS_ROOT}/../Podfile.lock" "${PODS_ROOT}/Manifest.lock" &gt; /dev/null
if [[ $? != 0 ]] ; then
    cat &lt;&lt; EOM
error: The sandbox is not in sync with the Podfile.lock. Run 'pod install' or update your CocoaPods installation.
EOM
    exit 1
fi
</string>
			<key>showEnvVarsInLog</key>
			<string>0</string>
		</dict>
		<key>ECD839518DD38BB9E2CE4C8A</key>
		<dict>
			<key>includeInIndex</key>
			<string>1</string>
			<key>isa</key>
			<string>PBXFileReference</string>
			<key>lastKnownFileType</key>
			<string>text.xcconfig</string>
			<key>name</key>
			<string>Pods-MADVCameraDemo.debug.xcconfig</string>
			<key>path</key>
			<string>Pods/Target Support Files/Pods-MADVCameraDemo/Pods-MADVCameraDemo.debug.xcconfig</string>
			<key>sourceTree</key>
			<string>&lt;group&gt;</string>
		</dict>
		<key>F3E22FF2085F15F1C2621E22</key>
		<dict>
			<key>explicitFileType</key>
			<string>archive.ar</string>
			<key>includeInIndex</key>
			<string>0</string>
			<key>isa</key>
			<string>PBXFileReference</string>
			<key>path</key>
			<string>libPods-MADVCameraDemo.a</string>
			<key>sourceTree</key>
			<string>BUILT_PRODUCTS_DIR</string>
		</dict>
		<key>FFF447A1F26BFD10500466BD</key>
		<dict>
			<key>buildActionMask</key>
			<string>2147483647</string>
			<key>files</key>
			<array/>
			<key>inputPaths</key>
			<array/>
			<key>isa</key>
			<string>PBXShellScriptBuildPhase</string>
			<key>name</key>
			<string>[CP] Embed Pods Frameworks</string>
			<key>outputPaths</key>
			<array/>
			<key>runOnlyForDeploymentPostprocessing</key>
			<string>0</string>
			<key>shellPath</key>
			<string>/bin/sh</string>
			<key>shellScript</key>
			<string>"${SRCROOT}/Pods/Target Support Files/Pods-MADVCameraDemo/Pods-MADVCameraDemo-frameworks.sh"
</string>
			<key>showEnvVarsInLog</key>
			<string>0</string>
		</dict>
	</dict>
	<key>rootObject</key>
	<string>521A4ED41F0B766B00E5F155</string>
</dict>
</plist>
