// !$*UTF8*$!
{
	archiveVersion = 1;
	classes = {
	};
	objectVersion = 46;
	objects = {

/* Begin PBXBuildFile section */
		1B55B268F183E629214E6E10 /* libPods-MADVCameraDemo_MADVCameraSources.a in Frameworks */ = {isa = PBXBuildFile; fileRef = 8CDADBB8AF7E3FEAB29A1C24 /* libPods-MADVCameraDemo_MADVCameraSources.a */; };
		453749FA82E2206CEF03DAFB /* libPods-MADVCameraDemo.a in Frameworks */ = {isa = PBXBuildFile; fileRef = F3E22FF2085F15F1C2621E22 /* libPods-MADVCameraDemo.a */; };
		521A4EE11F0B766B00E5F155 /* main.m in Sources */ = {isa = PBXBuildFile; fileRef = 521A4EE01F0B766B00E5F155 /* main.m */; };
		521A4EE41F0B766B00E5F155 /* AppDelegate.m in Sources */ = {isa = PBXBuildFile; fileRef = 521A4EE31F0B766B00E5F155 /* AppDelegate.m */; };
		521A4EE71F0B766B00E5F155 /* CameraPreviewViewController.m in Sources */ = {isa = PBXBuildFile; fileRef = 521A4EE61F0B766B00E5F155 /* CameraPreviewViewController.m */; };
		521A4EEA1F0B766B00E5F155 /* CameraLibraryViewController.m in Sources */ = {isa = PBXBuildFile; fileRef = 521A4EE91F0B766B00E5F155 /* CameraLibraryViewController.m */; };
		521A4EED1F0B766B00E5F155 /* Main.storyboard in Resources */ = {isa = PBXBuildFile; fileRef = 521A4EEB1F0B766B00E5F155 /* Main.storyboard */; };
		521A4EEF1F0B766B00E5F155 /* Assets.xcassets in Resources */ = {isa = PBXBuildFile; fileRef = 521A4EEE1F0B766B00E5F155 /* Assets.xcassets */; };
		521A4EF21F0B766B00E5F155 /* LaunchScreen.storyboard in Resources */ = {isa = PBXBuildFile; fileRef = 521A4EF01F0B766B00E5F155 /* LaunchScreen.storyboard */; };
		521A4EFD1F0B766C00E5F155 /* MADVCameraDemoUITests.m in Sources */ = {isa = PBXBuildFile; fileRef = 521A4EFC1F0B766C00E5F155 /* MADVCameraDemoUITests.m */; };
		521A4F291F0B934B00E5F155 /* libiconv.tbd in Frameworks */ = {isa = PBXBuildFile; fileRef = 521A4F281F0B934B00E5F155 /* libiconv.tbd */; };
		521A4F2B1F0B936900E5F155 /* libz.tbd in Frameworks */ = {isa = PBXBuildFile; fileRef = 521A4F2A1F0B936900E5F155 /* libz.tbd */; };
		521A4F2D1F0B936F00E5F155 /* libxml2.2.tbd in Frameworks */ = {isa = PBXBuildFile; fileRef = 521A4F2C1F0B936F00E5F155 /* libxml2.2.tbd */; };
		521A4F2F1F0B938000E5F155 /* AVFoundation.framework in Frameworks */ = {isa = PBXBuildFile; fileRef = 521A4F2E1F0B938000E5F155 /* AVFoundation.framework */; };
		521A4F311F0B938600E5F155 /* OpenGLES.framework in Frameworks */ = {isa = PBXBuildFile; fileRef = 521A4F301F0B938600E5F155 /* OpenGLES.framework */; };
		521A4F3A1F0B98E000E5F155 /* MADVCamera.framework in Frameworks */ = {isa = PBXBuildFile; fileRef = 521A4F391F0B98E000E5F155 /* MADVCamera.framework */; };
		521A4F3E1F0B9BDB00E5F155 /* CoreFoundation.framework in Frameworks */ = {isa = PBXBuildFile; fileRef = 521A4F3D1F0B9BDB00E5F155 /* CoreFoundation.framework */; };
		521A4F401F0B9BE300E5F155 /* Foundation.framework in Frameworks */ = {isa = PBXBuildFile; fileRef = 521A4F3F1F0B9BE300E5F155 /* Foundation.framework */; };
		521A4F421F0B9BE800E5F155 /* VideoToolbox.framework in Frameworks */ = {isa = PBXBuildFile; fileRef = 521A4F411F0B9BE800E5F155 /* VideoToolbox.framework */; };
		521A4F441F0B9BFB00E5F155 /* CoreGraphics.framework in Frameworks */ = {isa = PBXBuildFile; fileRef = 521A4F431F0B9BFB00E5F155 /* CoreGraphics.framework */; };
		521A4F461F0B9C0000E5F155 /* QuartzCore.framework in Frameworks */ = {isa = PBXBuildFile; fileRef = 521A4F451F0B9C0000E5F155 /* QuartzCore.framework */; };
		521A4F481F0B9C0400E5F155 /* CoreTelephony.framework in Frameworks */ = {isa = PBXBuildFile; fileRef = 521A4F471F0B9C0400E5F155 /* CoreTelephony.framework */; };
		521A4F4A1F0B9C2000E5F155 /* libsqlite3.tbd in Frameworks */ = {isa = PBXBuildFile; fileRef = 521A4F491F0B9C2000E5F155 /* libsqlite3.tbd */; };
		521A4F4D1F0B9C2D00E5F155 /* AudioToolbox.framework in Frameworks */ = {isa = PBXBuildFile; fileRef = 521A4F4B1F0B9C2D00E5F155 /* AudioToolbox.framework */; };
		521A4F4E1F0B9C2D00E5F155 /* CoreAudio.framework in Frameworks */ = {isa = PBXBuildFile; fileRef = 521A4F4C1F0B9C2D00E5F155 /* CoreAudio.framework */; };
		521A4F501F0B9C3500E5F155 /* CoreVideo.framework in Frameworks */ = {isa = PBXBuildFile; fileRef = 521A4F4F1F0B9C3500E5F155 /* CoreVideo.framework */; };
		521A4F521F0B9C5400E5F155 /* Accelerate.framework in Frameworks */ = {isa = PBXBuildFile; fileRef = 521A4F511F0B9C5400E5F155 /* Accelerate.framework */; };
		521A4F541F0B9C5E00E5F155 /* CoreMedia.framework in Frameworks */ = {isa = PBXBuildFile; fileRef = 521A4F531F0B9C5E00E5F155 /* CoreMedia.framework */; };
		521A4F691F0BAAB800E5F155 /* CoreMotion.framework in Frameworks */ = {isa = PBXBuildFile; fileRef = 521A4F681F0BAAB800E5F155 /* CoreMotion.framework */; };
		52DB9A931F3B12450050E81F /* MADVPano.framework in Frameworks */ = {isa = PBXBuildFile; fileRef = 521A4F3B1F0B9A0700E5F155 /* MADVPano.framework */; };
		BB206DCC1F4AA15900EB50C0 /* Photos.framework in Frameworks */ = {isa = PBXBuildFile; fileRef = BB206DCB1F4AA15800EB50C0 /* Photos.framework */; };
		BB3DA3A31F0F7FE3009B6ACF /* MyMovieSegmentMerger.mm in Sources */ = {isa = PBXBuildFile; fileRef = BB3DA3A11F0F7FE2009B6ACF /* MyMovieSegmentMerger.mm */; };
		BB89B5BB1F556354007AC0A2 /* MVGLView.mm in Sources */ = {isa = PBXBuildFile; fileRef = BB89B5BA1F556354007AC0A2 /* MVGLView.mm */; };
		BB89B5BC1F556362007AC0A2 /* Photos.framework in Frameworks */ = {isa = PBXBuildFile; fileRef = BB206DCB1F4AA15800EB50C0 /* Photos.framework */; };
		BBEFDB5C1F2ED37B003A2C27 /* MediaPlayer.framework in Frameworks */ = {isa = PBXBuildFile; fileRef = BBEFDB5B1F2ED37B003A2C27 /* MediaPlayer.framework */; };
		BBEFDB5D1F2ED38A003A2C27 /* MediaPlayer.framework in Frameworks */ = {isa = PBXBuildFile; fileRef = BBEFDB5B1F2ED37B003A2C27 /* MediaPlayer.framework */; };
		BBEFDB741F2EEE11003A2C27 /* MediaPlayerStoryboard.storyboard in Resources */ = {isa = PBXBuildFile; fileRef = BBEFDB731F2EEE11003A2C27 /* MediaPlayerStoryboard.storyboard */; };
		BBEFDB751F2EEE11003A2C27 /* MediaPlayerStoryboard.storyboard in Resources */ = {isa = PBXBuildFile; fileRef = BBEFDB731F2EEE11003A2C27 /* MediaPlayerStoryboard.storyboard */; };
		BBF390AE1F2216F00023DC8B /* CoreLocation.framework in Frameworks */ = {isa = PBXBuildFile; fileRef = BBF390AD1F2216F00023DC8B /* CoreLocation.framework */; };
		BBF390B31F26EB820023DC8B /* MyMovieSegmentMerger.mm in Sources */ = {isa = PBXBuildFile; fileRef = BB3DA3A11F0F7FE2009B6ACF /* MyMovieSegmentMerger.mm */; };
		BBF390B61F26EB820023DC8B /* CameraLibraryViewController.m in Sources */ = {isa = PBXBuildFile; fileRef = 521A4EE91F0B766B00E5F155 /* CameraLibraryViewController.m */; };
		BBF390B71F26EB820023DC8B /* AppDelegate.m in Sources */ = {isa = PBXBuildFile; fileRef = 521A4EE31F0B766B00E5F155 /* AppDelegate.m */; };
		BBF390BA1F26EB820023DC8B /* CameraPreviewViewController.m in Sources */ = {isa = PBXBuildFile; fileRef = 521A4EE61F0B766B00E5F155 /* CameraPreviewViewController.m */; };
		BBF390BB1F26EB820023DC8B /* main.m in Sources */ = {isa = PBXBuildFile; fileRef = 521A4EE01F0B766B00E5F155 /* main.m */; };
		BBF390BD1F26EB820023DC8B /* CoreLocation.framework in Frameworks */ = {isa = PBXBuildFile; fileRef = BBF390AD1F2216F00023DC8B /* CoreLocation.framework */; };
		BBF390BE1F26EB820023DC8B /* CoreMotion.framework in Frameworks */ = {isa = PBXBuildFile; fileRef = 521A4F681F0BAAB800E5F155 /* CoreMotion.framework */; };
		BBF390BF1F26EB820023DC8B /* libavcodec.a in Frameworks */ = {isa = PBXBuildFile; fileRef = 521A4F551F0B9D2C00E5F155 /* libavcodec.a */; };
		BBF390C01F26EB820023DC8B /* libavformat.a in Frameworks */ = {isa = PBXBuildFile; fileRef = 521A4F561F0B9D2C00E5F155 /* libavformat.a */; };
		BBF390C11F26EB820023DC8B /* libavutil.a in Frameworks */ = {isa = PBXBuildFile; fileRef = 521A4F571F0B9D2C00E5F155 /* libavutil.a */; };
		BBF390C21F26EB820023DC8B /* libswresample.a in Frameworks */ = {isa = PBXBuildFile; fileRef = 521A4F581F0B9D2C00E5F155 /* libswresample.a */; };
		BBF390C31F26EB820023DC8B /* libswscale.a in Frameworks */ = {isa = PBXBuildFile; fileRef = 521A4F591F0B9D2C00E5F155 /* libswscale.a */; };
		BBF390C41F26EB820023DC8B /* CoreMedia.framework in Frameworks */ = {isa = PBXBuildFile; fileRef = 521A4F531F0B9C5E00E5F155 /* CoreMedia.framework */; };
		BBF390C51F26EB820023DC8B /* Accelerate.framework in Frameworks */ = {isa = PBXBuildFile; fileRef = 521A4F511F0B9C5400E5F155 /* Accelerate.framework */; };
		BBF390C61F26EB820023DC8B /* CoreVideo.framework in Frameworks */ = {isa = PBXBuildFile; fileRef = 521A4F4F1F0B9C3500E5F155 /* CoreVideo.framework */; };
		BBF390C71F26EB820023DC8B /* AudioToolbox.framework in Frameworks */ = {isa = PBXBuildFile; fileRef = 521A4F4B1F0B9C2D00E5F155 /* AudioToolbox.framework */; };
		BBF390C81F26EB820023DC8B /* CoreAudio.framework in Frameworks */ = {isa = PBXBuildFile; fileRef = 521A4F4C1F0B9C2D00E5F155 /* CoreAudio.framework */; };
		BBF390C91F26EB820023DC8B /* libsqlite3.tbd in Frameworks */ = {isa = PBXBuildFile; fileRef = 521A4F491F0B9C2000E5F155 /* libsqlite3.tbd */; };
		BBF390CA1F26EB820023DC8B /* CoreTelephony.framework in Frameworks */ = {isa = PBXBuildFile; fileRef = 521A4F471F0B9C0400E5F155 /* CoreTelephony.framework */; };
		BBF390CB1F26EB820023DC8B /* QuartzCore.framework in Frameworks */ = {isa = PBXBuildFile; fileRef = 521A4F451F0B9C0000E5F155 /* QuartzCore.framework */; };
		BBF390CC1F26EB820023DC8B /* CoreGraphics.framework in Frameworks */ = {isa = PBXBuildFile; fileRef = 521A4F431F0B9BFB00E5F155 /* CoreGraphics.framework */; };
		BBF390CD1F26EB820023DC8B /* VideoToolbox.framework in Frameworks */ = {isa = PBXBuildFile; fileRef = 521A4F411F0B9BE800E5F155 /* VideoToolbox.framework */; };
		BBF390CE1F26EB820023DC8B /* Foundation.framework in Frameworks */ = {isa = PBXBuildFile; fileRef = 521A4F3F1F0B9BE300E5F155 /* Foundation.framework */; };
		BBF390CF1F26EB820023DC8B /* AVFoundation.framework in Frameworks */ = {isa = PBXBuildFile; fileRef = 521A4F2E1F0B938000E5F155 /* AVFoundation.framework */; };
		BBF390D01F26EB820023DC8B /* CoreFoundation.framework in Frameworks */ = {isa = PBXBuildFile; fileRef = 521A4F3D1F0B9BDB00E5F155 /* CoreFoundation.framework */; };
		BBF390D11F26EB820023DC8B /* MADVPano.framework in Frameworks */ = {isa = PBXBuildFile; fileRef = 521A4F3B1F0B9A0700E5F155 /* MADVPano.framework */; };
		BBF390D31F26EB820023DC8B /* OpenGLES.framework in Frameworks */ = {isa = PBXBuildFile; fileRef = 521A4F301F0B938600E5F155 /* OpenGLES.framework */; };
		BBF390D41F26EB820023DC8B /* libxml2.2.tbd in Frameworks */ = {isa = PBXBuildFile; fileRef = 521A4F2C1F0B936F00E5F155 /* libxml2.2.tbd */; };
		BBF390D51F26EB820023DC8B /* libz.tbd in Frameworks */ = {isa = PBXBuildFile; fileRef = 521A4F2A1F0B936900E5F155 /* libz.tbd */; };
		BBF390D61F26EB820023DC8B /* libiconv.tbd in Frameworks */ = {isa = PBXBuildFile; fileRef = 521A4F281F0B934B00E5F155 /* libiconv.tbd */; };
		BBF390D71F26EB820023DC8B /* libPods-MADVCameraDemo.a in Frameworks */ = {isa = PBXBuildFile; fileRef = F3E22FF2085F15F1C2621E22 /* libPods-MADVCameraDemo.a */; };
		BBF390D91F26EB820023DC8B /* LaunchScreen.storyboard in Resources */ = {isa = PBXBuildFile; fileRef = 521A4EF01F0B766B00E5F155 /* LaunchScreen.storyboard */; };
		BBF390DA1F26EB820023DC8B /* Assets.xcassets in Resources */ = {isa = PBXBuildFile; fileRef = 521A4EEE1F0B766B00E5F155 /* Assets.xcassets */; };
		BBF390DB1F26EB820023DC8B /* Main.storyboard in Resources */ = {isa = PBXBuildFile; fileRef = 521A4EEB1F0B766B00E5F155 /* Main.storyboard */; };
/* End PBXBuildFile section */

/* Begin PBXContainerItemProxy section */
		521A4EF91F0B766C00E5F155 /* PBXContainerItemProxy */ = {
			isa = PBXContainerItemProxy;
			containerPortal = 521A4ED41F0B766B00E5F155 /* Project object */;
			proxyType = 1;
			remoteGlobalIDString = 521A4EDB1F0B766B00E5F155;
			remoteInfo = MADVCameraDemo;
		};
/* End PBXContainerItemProxy section */

/* Begin PBXFileReference section */
		38AD176FBE07FA87EC823509 /* Pods-MADVCameraDemo_MADVCameraSources.release.xcconfig */ = {isa = PBXFileReference; includeInIndex = 1; lastKnownFileType = text.xcconfig; name = "Pods-MADVCameraDemo_MADVCameraSources.release.xcconfig"; path = "Pods/Target Support Files/Pods-MADVCameraDemo_MADVCameraSources/Pods-MADVCameraDemo_MADVCameraSources.release.xcconfig"; sourceTree = "<group>"; };
		521A4EDC1F0B766B00E5F155 /* MADVCameraDemo.app */ = {isa = PBXFileReference; explicitFileType = wrapper.application; includeInIndex = 0; path = MADVCameraDemo.app; sourceTree = BUILT_PRODUCTS_DIR; };
		521A4EE01F0B766B00E5F155 /* main.m */ = {isa = PBXFileReference; explicitFileType = sourcecode.cpp.objcpp; path = main.m; sourceTree = "<group>"; };
		521A4EE21F0B766B00E5F155 /* AppDelegate.h */ = {isa = PBXFileReference; lastKnownFileType = sourcecode.c.h; path = AppDelegate.h; sourceTree = "<group>"; };
		521A4EE31F0B766B00E5F155 /* AppDelegate.m */ = {isa = PBXFileReference; explicitFileType = sourcecode.cpp.objcpp; path = AppDelegate.m; sourceTree = "<group>"; };
		521A4EE51F0B766B00E5F155 /* CameraPreviewViewController.h */ = {isa = PBXFileReference; lastKnownFileType = sourcecode.c.h; path = CameraPreviewViewController.h; sourceTree = "<group>"; };
		521A4EE61F0B766B00E5F155 /* CameraPreviewViewController.m */ = {isa = PBXFileReference; explicitFileType = sourcecode.cpp.objcpp; path = CameraPreviewViewController.m; sourceTree = "<group>"; };
		521A4EE81F0B766B00E5F155 /* CameraLibraryViewController.h */ = {isa = PBXFileReference; lastKnownFileType = sourcecode.c.h; path = CameraLibraryViewController.h; sourceTree = "<group>"; };
		521A4EE91F0B766B00E5F155 /* CameraLibraryViewController.m */ = {isa = PBXFileReference; explicitFileType = sourcecode.cpp.objcpp; path = CameraLibraryViewController.m; sourceTree = "<group>"; };
		521A4EEC1F0B766B00E5F155 /* Base */ = {isa = PBXFileReference; lastKnownFileType = file.storyboard; name = Base; path = Base.lproj/Main.storyboard; sourceTree = "<group>"; };
		521A4EEE1F0B766B00E5F155 /* Assets.xcassets */ = {isa = PBXFileReference; lastKnownFileType = folder.assetcatalog; path = Assets.xcassets; sourceTree = "<group>"; };
		521A4EF11F0B766B00E5F155 /* Base */ = {isa = PBXFileReference; lastKnownFileType = file.storyboard; name = Base; path = Base.lproj/LaunchScreen.storyboard; sourceTree = "<group>"; };
		521A4EF31F0B766B00E5F155 /* Info.plist */ = {isa = PBXFileReference; lastKnownFileType = text.plist.xml; path = Info.plist; sourceTree = "<group>"; };
		521A4EF81F0B766C00E5F155 /* MADVCameraDemoUITests.xctest */ = {isa = PBXFileReference; explicitFileType = wrapper.cfbundle; includeInIndex = 0; path = MADVCameraDemoUITests.xctest; sourceTree = BUILT_PRODUCTS_DIR; };
		521A4EFC1F0B766C00E5F155 /* MADVCameraDemoUITests.m */ = {isa = PBXFileReference; lastKnownFileType = sourcecode.c.objc; path = MADVCameraDemoUITests.m; sourceTree = "<group>"; };
		521A4EFE1F0B766C00E5F155 /* Info.plist */ = {isa = PBXFileReference; lastKnownFileType = text.plist.xml; path = Info.plist; sourceTree = "<group>"; };
		521A4F1A1F0B7D3300E5F155 /* MADVPano.framework */ = {isa = PBXFileReference; lastKnownFileType = wrapper.framework; name = MADVPano.framework; path = MADVCameraFramework/MADVPano.framework; sourceTree = "<group>"; };
		521A4F1C1F0B7DE800E5F155 /* PrefixHeader.h */ = {isa = PBXFileReference; lastKnownFileType = sourcecode.c.h; path = PrefixHeader.h; sourceTree = "<group>"; };
		521A4F281F0B934B00E5F155 /* libiconv.tbd */ = {isa = PBXFileReference; lastKnownFileType = "sourcecode.text-based-dylib-definition"; name = libiconv.tbd; path = usr/lib/libiconv.tbd; sourceTree = SDKROOT; };
		521A4F2A1F0B936900E5F155 /* libz.tbd */ = {isa = PBXFileReference; lastKnownFileType = "sourcecode.text-based-dylib-definition"; name = libz.tbd; path = usr/lib/libz.tbd; sourceTree = SDKROOT; };
		521A4F2C1F0B936F00E5F155 /* libxml2.2.tbd */ = {isa = PBXFileReference; lastKnownFileType = "sourcecode.text-based-dylib-definition"; name = libxml2.2.tbd; path = usr/lib/libxml2.2.tbd; sourceTree = SDKROOT; };
		521A4F2E1F0B938000E5F155 /* AVFoundation.framework */ = {isa = PBXFileReference; lastKnownFileType = wrapper.framework; name = AVFoundation.framework; path = System/Library/Frameworks/AVFoundation.framework; sourceTree = SDKROOT; };
		521A4F301F0B938600E5F155 /* OpenGLES.framework */ = {isa = PBXFileReference; lastKnownFileType = wrapper.framework; name = OpenGLES.framework; path = System/Library/Frameworks/OpenGLES.framework; sourceTree = SDKROOT; };
		521A4F391F0B98E000E5F155 /* MADVCamera.framework */ = {isa = PBXFileReference; lastKnownFileType = wrapper.framework; path = MADVCamera.framework; sourceTree = "<group>"; };
		521A4F3B1F0B9A0700E5F155 /* MADVPano.framework */ = {isa = PBXFileReference; lastKnownFileType = wrapper.framework; path = MADVPano.framework; sourceTree = "<group>"; };
		521A4F3D1F0B9BDB00E5F155 /* CoreFoundation.framework */ = {isa = PBXFileReference; lastKnownFileType = wrapper.framework; name = CoreFoundation.framework; path = System/Library/Frameworks/CoreFoundation.framework; sourceTree = SDKROOT; };
		521A4F3F1F0B9BE300E5F155 /* Foundation.framework */ = {isa = PBXFileReference; lastKnownFileType = wrapper.framework; name = Foundation.framework; path = System/Library/Frameworks/Foundation.framework; sourceTree = SDKROOT; };
		521A4F411F0B9BE800E5F155 /* VideoToolbox.framework */ = {isa = PBXFileReference; lastKnownFileType = wrapper.framework; name = VideoToolbox.framework; path = System/Library/Frameworks/VideoToolbox.framework; sourceTree = SDKROOT; };
		521A4F431F0B9BFB00E5F155 /* CoreGraphics.framework */ = {isa = PBXFileReference; lastKnownFileType = wrapper.framework; name = CoreGraphics.framework; path = System/Library/Frameworks/CoreGraphics.framework; sourceTree = SDKROOT; };
		521A4F451F0B9C0000E5F155 /* QuartzCore.framework */ = {isa = PBXFileReference; lastKnownFileType = wrapper.framework; name = QuartzCore.framework; path = System/Library/Frameworks/QuartzCore.framework; sourceTree = SDKROOT; };
		521A4F471F0B9C0400E5F155 /* CoreTelephony.framework */ = {isa = PBXFileReference; lastKnownFileType = wrapper.framework; name = CoreTelephony.framework; path = System/Library/Frameworks/CoreTelephony.framework; sourceTree = SDKROOT; };
		521A4F491F0B9C2000E5F155 /* libsqlite3.tbd */ = {isa = PBXFileReference; lastKnownFileType = "sourcecode.text-based-dylib-definition"; name = libsqlite3.tbd; path = usr/lib/libsqlite3.tbd; sourceTree = SDKROOT; };
		521A4F4B1F0B9C2D00E5F155 /* AudioToolbox.framework */ = {isa = PBXFileReference; lastKnownFileType = wrapper.framework; name = AudioToolbox.framework; path = System/Library/Frameworks/AudioToolbox.framework; sourceTree = SDKROOT; };
		521A4F4C1F0B9C2D00E5F155 /* CoreAudio.framework */ = {isa = PBXFileReference; lastKnownFileType = wrapper.framework; name = CoreAudio.framework; path = System/Library/Frameworks/CoreAudio.framework; sourceTree = SDKROOT; };
		521A4F4F1F0B9C3500E5F155 /* CoreVideo.framework */ = {isa = PBXFileReference; lastKnownFileType = wrapper.framework; name = CoreVideo.framework; path = System/Library/Frameworks/CoreVideo.framework; sourceTree = SDKROOT; };
		521A4F511F0B9C5400E5F155 /* Accelerate.framework */ = {isa = PBXFileReference; lastKnownFileType = wrapper.framework; name = Accelerate.framework; path = System/Library/Frameworks/Accelerate.framework; sourceTree = SDKROOT; };
		521A4F531F0B9C5E00E5F155 /* CoreMedia.framework */ = {isa = PBXFileReference; lastKnownFileType = wrapper.framework; name = CoreMedia.framework; path = System/Library/Frameworks/CoreMedia.framework; sourceTree = SDKROOT; };
		521A4F551F0B9D2C00E5F155 /* libavcodec.a */ = {isa = PBXFileReference; lastKnownFileType = archive.ar; name = libavcodec.a; path = libs/FFmpeg/libavcodec.a; sourceTree = "<group>"; };
		521A4F561F0B9D2C00E5F155 /* libavformat.a */ = {isa = PBXFileReference; lastKnownFileType = archive.ar; name = libavformat.a; path = libs/FFmpeg/libavformat.a; sourceTree = "<group>"; };
		521A4F571F0B9D2C00E5F155 /* libavutil.a */ = {isa = PBXFileReference; lastKnownFileType = archive.ar; name = libavutil.a; path = libs/FFmpeg/libavutil.a; sourceTree = "<group>"; };
		521A4F581F0B9D2C00E5F155 /* libswresample.a */ = {isa = PBXFileReference; lastKnownFileType = archive.ar; name = libswresample.a; path = libs/FFmpeg/libswresample.a; sourceTree = "<group>"; };
		521A4F591F0B9D2C00E5F155 /* libswscale.a */ = {isa = PBXFileReference; lastKnownFileType = archive.ar; name = libswscale.a; path = libs/FFmpeg/libswscale.a; sourceTree = "<group>"; };
		521A4F681F0BAAB800E5F155 /* CoreMotion.framework */ = {isa = PBXFileReference; lastKnownFileType = wrapper.framework; name = CoreMotion.framework; path = System/Library/Frameworks/CoreMotion.framework; sourceTree = SDKROOT; };
		6559114214F7F0085B4330CF /* Pods-MADVCameraDemo_MADVCameraSources.debug.xcconfig */ = {isa = PBXFileReference; includeInIndex = 1; lastKnownFileType = text.xcconfig; name = "Pods-MADVCameraDemo_MADVCameraSources.debug.xcconfig"; path = "Pods/Target Support Files/Pods-MADVCameraDemo_MADVCameraSources/Pods-MADVCameraDemo_MADVCameraSources.debug.xcconfig"; sourceTree = "<group>"; };
		664A85556F7159585B5439CC /* Pods-MADVCameraDemo.release.xcconfig */ = {isa = PBXFileReference; includeInIndex = 1; lastKnownFileType = text.xcconfig; name = "Pods-MADVCameraDemo.release.xcconfig"; path = "Pods/Target Support Files/Pods-MADVCameraDemo/Pods-MADVCameraDemo.release.xcconfig"; sourceTree = "<group>"; };
		8CDADBB8AF7E3FEAB29A1C24 /* libPods-MADVCameraDemo_MADVCameraSources.a */ = {isa = PBXFileReference; explicitFileType = archive.ar; includeInIndex = 0; path = "libPods-MADVCameraDemo_MADVCameraSources.a"; sourceTree = BUILT_PRODUCTS_DIR; };
		BB206DCB1F4AA15800EB50C0 /* Photos.framework */ = {isa = PBXFileReference; lastKnownFileType = wrapper.framework; name = Photos.framework; path = System/Library/Frameworks/Photos.framework; sourceTree = SDKROOT; };
		BB3DA3A01F0F7FE2009B6ACF /* MyMovieSegmentMerger.h */ = {isa = PBXFileReference; fileEncoding = 4; lastKnownFileType = sourcecode.c.h; path = MyMovieSegmentMerger.h; sourceTree = "<group>"; };
		BB3DA3A11F0F7FE2009B6ACF /* MyMovieSegmentMerger.mm */ = {isa = PBXFileReference; explicitFileType = sourcecode.cpp.objcpp; fileEncoding = 4; path = MyMovieSegmentMerger.mm; sourceTree = "<group>"; };
		BB89B5B91F556354007AC0A2 /* MVGLView.h */ = {isa = PBXFileReference; fileEncoding = 4; lastKnownFileType = sourcecode.c.h; path = MVGLView.h; sourceTree = "<group>"; };
		BB89B5BA1F556354007AC0A2 /* MVGLView.mm */ = {isa = PBXFileReference; fileEncoding = 4; lastKnownFileType = sourcecode.cpp.objcpp; path = MVGLView.mm; sourceTree = "<group>"; };
		BBEFDB5B1F2ED37B003A2C27 /* MediaPlayer.framework */ = {isa = PBXFileReference; lastKnownFileType = wrapper.framework; name = MediaPlayer.framework; path = System/Library/Frameworks/MediaPlayer.framework; sourceTree = SDKROOT; };
		BBEFDB731F2EEE11003A2C27 /* MediaPlayerStoryboard.storyboard */ = {isa = PBXFileReference; fileEncoding = 4; lastKnownFileType = file.storyboard; path = MediaPlayerStoryboard.storyboard; sourceTree = "<group>"; };
		BBF390AD1F2216F00023DC8B /* CoreLocation.framework */ = {isa = PBXFileReference; lastKnownFileType = wrapper.framework; name = CoreLocation.framework; path = System/Library/Frameworks/CoreLocation.framework; sourceTree = SDKROOT; };
		BBF390E11F26EB820023DC8B /* MADVCameraDemo_MADVCameraSources.app */ = {isa = PBXFileReference; explicitFileType = wrapper.application; includeInIndex = 0; path = MADVCameraDemo_MADVCameraSources.app; sourceTree = BUILT_PRODUCTS_DIR; };
		BBF390E21F26EB840023DC8B /* MADVCameraDemo_MADVCameraSources-Info.plist */ = {isa = PBXFileReference; lastKnownFileType = text.plist.xml; name = "MADVCameraDemo_MADVCameraSources-Info.plist"; path = "/Users/qiudong/Projects/DouyinMADVCameraDemo/MADVCameraDemo_MADVCameraSources-Info.plist"; sourceTree = "<absolute>"; };
		ECD839518DD38BB9E2CE4C8A /* Pods-MADVCameraDemo.debug.xcconfig */ = {isa = PBXFileReference; includeInIndex = 1; lastKnownFileType = text.xcconfig; name = "Pods-MADVCameraDemo.debug.xcconfig"; path = "Pods/Target Support Files/Pods-MADVCameraDemo/Pods-MADVCameraDemo.debug.xcconfig"; sourceTree = "<group>"; };
		F3E22FF2085F15F1C2621E22 /* libPods-MADVCameraDemo.a */ = {isa = PBXFileReference; explicitFileType = archive.ar; includeInIndex = 0; path = "libPods-MADVCameraDemo.a"; sourceTree = BUILT_PRODUCTS_DIR; };
/* End PBXFileReference section */

/* Begin PBXFrameworksBuildPhase section */
		521A4ED91F0B766B00E5F155 /* Frameworks */ = {
			isa = PBXFrameworksBuildPhase;
			buildActionMask = 2147483647;
			files = (
				BB206DCC1F4AA15900EB50C0 /* Photos.framework in Frameworks */,
				52DB9A931F3B12450050E81F /* MADVPano.framework in Frameworks */,
				BBEFDB5C1F2ED37B003A2C27 /* MediaPlayer.framework in Frameworks */,
				BBF390AE1F2216F00023DC8B /* CoreLocation.framework in Frameworks */,
				521A4F691F0BAAB800E5F155 /* CoreMotion.framework in Frameworks */,
				521A4F541F0B9C5E00E5F155 /* CoreMedia.framework in Frameworks */,
				521A4F521F0B9C5400E5F155 /* Accelerate.framework in Frameworks */,
				521A4F501F0B9C3500E5F155 /* CoreVideo.framework in Frameworks */,
				521A4F4D1F0B9C2D00E5F155 /* AudioToolbox.framework in Frameworks */,
				521A4F4E1F0B9C2D00E5F155 /* CoreAudio.framework in Frameworks */,
				521A4F4A1F0B9C2000E5F155 /* libsqlite3.tbd in Frameworks */,
				521A4F481F0B9C0400E5F155 /* CoreTelephony.framework in Frameworks */,
				521A4F461F0B9C0000E5F155 /* QuartzCore.framework in Frameworks */,
				521A4F441F0B9BFB00E5F155 /* CoreGraphics.framework in Frameworks */,
				521A4F421F0B9BE800E5F155 /* VideoToolbox.framework in Frameworks */,
				521A4F401F0B9BE300E5F155 /* Foundation.framework in Frameworks */,
				521A4F2F1F0B938000E5F155 /* AVFoundation.framework in Frameworks */,
				521A4F3E1F0B9BDB00E5F155 /* CoreFoundation.framework in Frameworks */,
				521A4F3A1F0B98E000E5F155 /* MADVCamera.framework in Frameworks */,
				521A4F311F0B938600E5F155 /* OpenGLES.framework in Frameworks */,
				521A4F2D1F0B936F00E5F155 /* libxml2.2.tbd in Frameworks */,
				521A4F2B1F0B936900E5F155 /* libz.tbd in Frameworks */,
				521A4F291F0B934B00E5F155 /* libiconv.tbd in Frameworks */,
				453749FA82E2206CEF03DAFB /* libPods-MADVCameraDemo.a in Frameworks */,
			);
			runOnlyForDeploymentPostprocessing = 0;
		};
		521A4EF51F0B766C00E5F155 /* Frameworks */ = {
			isa = PBXFrameworksBuildPhase;
			buildActionMask = 2147483647;
			files = (
			);
			runOnlyForDeploymentPostprocessing = 0;
		};
		BBF390BC1F26EB820023DC8B /* Frameworks */ = {
			isa = PBXFrameworksBuildPhase;
			buildActionMask = 2147483647;
			files = (
				BB89B5BC1F556362007AC0A2 /* Photos.framework in Frameworks */,
				BBEFDB5D1F2ED38A003A2C27 /* MediaPlayer.framework in Frameworks */,
				BBF390BD1F26EB820023DC8B /* CoreLocation.framework in Frameworks */,
				BBF390BE1F26EB820023DC8B /* CoreMotion.framework in Frameworks */,
				BBF390BF1F26EB820023DC8B /* libavcodec.a in Frameworks */,
				BBF390C01F26EB820023DC8B /* libavformat.a in Frameworks */,
				BBF390C11F26EB820023DC8B /* libavutil.a in Frameworks */,
				BBF390C21F26EB820023DC8B /* libswresample.a in Frameworks */,
				BBF390C31F26EB820023DC8B /* libswscale.a in Frameworks */,
				BBF390C41F26EB820023DC8B /* CoreMedia.framework in Frameworks */,
				BBF390C51F26EB820023DC8B /* Accelerate.framework in Frameworks */,
				BBF390C61F26EB820023DC8B /* CoreVideo.framework in Frameworks */,
				BBF390C71F26EB820023DC8B /* AudioToolbox.framework in Frameworks */,
				BBF390C81F26EB820023DC8B /* CoreAudio.framework in Frameworks */,
				BBF390C91F26EB820023DC8B /* libsqlite3.tbd in Frameworks */,
				BBF390CA1F26EB820023DC8B /* CoreTelephony.framework in Frameworks */,
				BBF390CB1F26EB820023DC8B /* QuartzCore.framework in Frameworks */,
				BBF390CC1F26EB820023DC8B /* CoreGraphics.framework in Frameworks */,
				BBF390CD1F26EB820023DC8B /* VideoToolbox.framework in Frameworks */,
				BBF390CE1F26EB820023DC8B /* Foundation.framework in Frameworks */,
				BBF390CF1F26EB820023DC8B /* AVFoundation.framework in Frameworks */,
				BBF390D01F26EB820023DC8B /* CoreFoundation.framework in Frameworks */,
				BBF390D11F26EB820023DC8B /* MADVPano.framework in Frameworks */,
				BBF390D31F26EB820023DC8B /* OpenGLES.framework in Frameworks */,
				BBF390D41F26EB820023DC8B /* libxml2.2.tbd in Frameworks */,
				BBF390D51F26EB820023DC8B /* libz.tbd in Frameworks */,
				BBF390D61F26EB820023DC8B /* libiconv.tbd in Frameworks */,
				BBF390D71F26EB820023DC8B /* libPods-MADVCameraDemo.a in Frameworks */,
				1B55B268F183E629214E6E10 /* libPods-MADVCameraDemo_MADVCameraSources.a in Frameworks */,
			);
			runOnlyForDeploymentPostprocessing = 0;
		};
/* End PBXFrameworksBuildPhase section */

/* Begin PBXGroup section */
		521A4ED31F0B766B00E5F155 = {
			isa = PBXGroup;
			children = (
				BBEFDB731F2EEE11003A2C27 /* MediaPlayerStoryboard.storyboard */,
				521A4EDE1F0B766B00E5F155 /* MADVCameraDemo */,
				521A4EFB1F0B766C00E5F155 /* MADVCameraDemoUITests */,
				521A4EDD1F0B766B00E5F155 /* Products */,
				521A4F191F0B7D3300E5F155 /* Frameworks */,
				7A68F7B1FE2D5ED65C230AAF /* Pods */,
				BBF390E21F26EB840023DC8B /* MADVCameraDemo_MADVCameraSources-Info.plist */,
			);
			sourceTree = "<group>";
		};
		521A4EDD1F0B766B00E5F155 /* Products */ = {
			isa = PBXGroup;
			children = (
				521A4EDC1F0B766B00E5F155 /* MADVCameraDemo.app */,
				521A4EF81F0B766C00E5F155 /* MADVCameraDemoUITests.xctest */,
				BBF390E11F26EB820023DC8B /* MADVCameraDemo_MADVCameraSources.app */,
			);
			name = Products;
			sourceTree = "<group>";
		};
		521A4EDE1F0B766B00E5F155 /* MADVCameraDemo */ = {
			isa = PBXGroup;
			children = (
				BB89B5B91F556354007AC0A2 /* MVGLView.h */,
				BB89B5BA1F556354007AC0A2 /* MVGLView.mm */,
				BB3DA3A01F0F7FE2009B6ACF /* MyMovieSegmentMerger.h */,
				BB3DA3A11F0F7FE2009B6ACF /* MyMovieSegmentMerger.mm */,
				521A4EE21F0B766B00E5F155 /* AppDelegate.h */,
				521A4EE31F0B766B00E5F155 /* AppDelegate.m */,
				521A4EE51F0B766B00E5F155 /* CameraPreviewViewController.h */,
				521A4EE61F0B766B00E5F155 /* CameraPreviewViewController.m */,
				521A4EE81F0B766B00E5F155 /* CameraLibraryViewController.h */,
				521A4EE91F0B766B00E5F155 /* CameraLibraryViewController.m */,
				521A4EEB1F0B766B00E5F155 /* Main.storyboard */,
				521A4EEE1F0B766B00E5F155 /* Assets.xcassets */,
				521A4EF01F0B766B00E5F155 /* LaunchScreen.storyboard */,
				521A4EF31F0B766B00E5F155 /* Info.plist */,
				521A4EDF1F0B766B00E5F155 /* Supporting Files */,
			);
			path = MADVCameraDemo;
			sourceTree = "<group>";
		};
		521A4EDF1F0B766B00E5F155 /* Supporting Files */ = {
			isa = PBXGroup;
			children = (
				521A4EE01F0B766B00E5F155 /* main.m */,
				521A4F1C1F0B7DE800E5F155 /* PrefixHeader.h */,
			);
			name = "Supporting Files";
			sourceTree = "<group>";
		};
		521A4EFB1F0B766C00E5F155 /* MADVCameraDemoUITests */ = {
			isa = PBXGroup;
			children = (
				521A4EFC1F0B766C00E5F155 /* MADVCameraDemoUITests.m */,
				521A4EFE1F0B766C00E5F155 /* Info.plist */,
			);
			path = MADVCameraDemoUITests;
			sourceTree = "<group>";
		};
		521A4F191F0B7D3300E5F155 /* Frameworks */ = {
			isa = PBXGroup;
			children = (
				BB206DCB1F4AA15800EB50C0 /* Photos.framework */,
				BBEFDB5B1F2ED37B003A2C27 /* MediaPlayer.framework */,
				BBF390AD1F2216F00023DC8B /* CoreLocation.framework */,
				521A4F681F0BAAB800E5F155 /* CoreMotion.framework */,
				521A4F551F0B9D2C00E5F155 /* libavcodec.a */,
				521A4F561F0B9D2C00E5F155 /* libavformat.a */,
				521A4F571F0B9D2C00E5F155 /* libavutil.a */,
				521A4F581F0B9D2C00E5F155 /* libswresample.a */,
				521A4F591F0B9D2C00E5F155 /* libswscale.a */,
				521A4F531F0B9C5E00E5F155 /* CoreMedia.framework */,
				521A4F511F0B9C5400E5F155 /* Accelerate.framework */,
				521A4F4F1F0B9C3500E5F155 /* CoreVideo.framework */,
				521A4F4B1F0B9C2D00E5F155 /* AudioToolbox.framework */,
				521A4F4C1F0B9C2D00E5F155 /* CoreAudio.framework */,
				521A4F491F0B9C2000E5F155 /* libsqlite3.tbd */,
				521A4F471F0B9C0400E5F155 /* CoreTelephony.framework */,
				521A4F451F0B9C0000E5F155 /* QuartzCore.framework */,
				521A4F431F0B9BFB00E5F155 /* CoreGraphics.framework */,
				521A4F411F0B9BE800E5F155 /* VideoToolbox.framework */,
				521A4F3F1F0B9BE300E5F155 /* Foundation.framework */,
				521A4F3D1F0B9BDB00E5F155 /* CoreFoundation.framework */,
				521A4F3B1F0B9A0700E5F155 /* MADVPano.framework */,
				521A4F391F0B98E000E5F155 /* MADVCamera.framework */,
				521A4F301F0B938600E5F155 /* OpenGLES.framework */,
				521A4F2E1F0B938000E5F155 /* AVFoundation.framework */,
				521A4F2C1F0B936F00E5F155 /* libxml2.2.tbd */,
				521A4F2A1F0B936900E5F155 /* libz.tbd */,
				521A4F281F0B934B00E5F155 /* libiconv.tbd */,
				521A4F1A1F0B7D3300E5F155 /* MADVPano.framework */,
				F3E22FF2085F15F1C2621E22 /* libPods-MADVCameraDemo.a */,
				8CDADBB8AF7E3FEAB29A1C24 /* libPods-MADVCameraDemo_MADVCameraSources.a */,
			);
			name = Frameworks;
			sourceTree = "<group>";
		};
		7A68F7B1FE2D5ED65C230AAF /* Pods */ = {
			isa = PBXGroup;
			children = (
				ECD839518DD38BB9E2CE4C8A /* Pods-MADVCameraDemo.debug.xcconfig */,
				664A85556F7159585B5439CC /* Pods-MADVCameraDemo.release.xcconfig */,
				6559114214F7F0085B4330CF /* Pods-MADVCameraDemo_MADVCameraSources.debug.xcconfig */,
				38AD176FBE07FA87EC823509 /* Pods-MADVCameraDemo_MADVCameraSources.release.xcconfig */,
			);
			name = Pods;
			sourceTree = "<group>";
		};
/* End PBXGroup section */

/* Begin PBXNativeTarget section */
		521A4EDB1F0B766B00E5F155 /* MADVCameraDemo */ = {
			isa = PBXNativeTarget;
			buildConfigurationList = 521A4F011F0B766C00E5F155 /* Build configuration list for PBXNativeTarget "MADVCameraDemo" */;
			buildPhases = (
				CBA32F16CA167EF2951C8A12 /* [CP] Check Pods Manifest.lock */,
				521A4ED81F0B766B00E5F155 /* Sources */,
				521A4ED91F0B766B00E5F155 /* Frameworks */,
				521A4EDA1F0B766B00E5F155 /* Resources */,
				FFF447A1F26BFD10500466BD /* [CP] Embed Pods Frameworks */,
				3F6707DDA3858C8169096DF1 /* [CP] Copy Pods Resources */,
			);
			buildRules = (
			);
			dependencies = (
			);
			name = MADVCameraDemo;
			productName = MADVCameraDemo;
			productReference = 521A4EDC1F0B766B00E5F155 /* MADVCameraDemo.app */;
			productType = "com.apple.product-type.application";
		};
		521A4EF71F0B766C00E5F155 /* MADVCameraDemoUITests */ = {
			isa = PBXNativeTarget;
			buildConfigurationList = 521A4F041F0B766C00E5F155 /* Build configuration list for PBXNativeTarget "MADVCameraDemoUITests" */;
			buildPhases = (
				521A4EF41F0B766C00E5F155 /* Sources */,
				521A4EF51F0B766C00E5F155 /* Frameworks */,
				521A4EF61F0B766C00E5F155 /* Resources */,
			);
			buildRules = (
			);
			dependencies = (
				521A4EFA1F0B766C00E5F155 /* PBXTargetDependency */,
			);
			name = MADVCameraDemoUITests;
			productName = MADVCameraDemoUITests;
			productReference = 521A4EF81F0B766C00E5F155 /* MADVCameraDemoUITests.xctest */;
			productType = "com.apple.product-type.bundle.ui-testing";
		};
		BBF390B01F26EB820023DC8B /* MADVCameraDemo_MADVCameraSources */ = {
			isa = PBXNativeTarget;
			buildConfigurationList = BBF390DE1F26EB820023DC8B /* Build configuration list for PBXNativeTarget "MADVCameraDemo_MADVCameraSources" */;
			buildPhases = (
				BBF390B11F26EB820023DC8B /* [CP] Check Pods Manifest.lock */,
				BBF390B21F26EB820023DC8B /* Sources */,
				BBF390BC1F26EB820023DC8B /* Frameworks */,
				BBF390D81F26EB820023DC8B /* Resources */,
				BBF390DC1F26EB820023DC8B /* [CP] Embed Pods Frameworks */,
				BBF390DD1F26EB820023DC8B /* [CP] Copy Pods Resources */,
			);
			buildRules = (
			);
			dependencies = (
			);
			name = MADVCameraDemo_MADVCameraSources;
			productName = MADVCameraDemo;
			productReference = BBF390E11F26EB820023DC8B /* MADVCameraDemo_MADVCameraSources.app */;
			productType = "com.apple.product-type.application";
		};
/* End PBXNativeTarget section */

/* Begin PBXProject section */
		521A4ED41F0B766B00E5F155 /* Project object */ = {
			isa = PBXProject;
			attributes = {
				LastUpgradeCheck = 0830;
				ORGANIZATIONNAME = MADV;
				TargetAttributes = {
					521A4EDB1F0B766B00E5F155 = {
						CreatedOnToolsVersion = 8.3.1;
						DevelopmentTeam = QBAB3CS86A;
						ProvisioningStyle = Automatic;
					};
					521A4EF71F0B766C00E5F155 = {
						CreatedOnToolsVersion = 8.3.1;
						DevelopmentTeam = QBAB3CS86A;
						ProvisioningStyle = Automatic;
						TestTargetID = 521A4EDB1F0B766B00E5F155;
					};
					BBF390B01F26EB820023DC8B = {
						DevelopmentTeam = QBAB3CS86A;
						ProvisioningStyle = Manual;
					};
				};
			};
			buildConfigurationList = 521A4ED71F0B766B00E5F155 /* Build configuration list for PBXProject "MADVCameraDemo" */;
			compatibilityVersion = "Xcode 3.2";
			developmentRegion = English;
			hasScannedForEncodings = 0;
			knownRegions = (
				en,
				Base,
			);
			mainGroup = 521A4ED31F0B766B00E5F155;
			productRefGroup = 521A4EDD1F0B766B00E5F155 /* Products */;
			projectDirPath = "";
			projectRoot = "";
			targets = (
				521A4EDB1F0B766B00E5F155 /* MADVCameraDemo */,
				521A4EF71F0B766C00E5F155 /* MADVCameraDemoUITests */,
				BBF390B01F26EB820023DC8B /* MADVCameraDemo_MADVCameraSources */,
			);
		};
/* End PBXProject section */

/* Begin PBXResourcesBuildPhase section */
		521A4EDA1F0B766B00E5F155 /* Resources */ = {
			isa = PBXResourcesBuildPhase;
			buildActionMask = 2147483647;
			files = (
				521A4EF21F0B766B00E5F155 /* LaunchScreen.storyboard in Resources */,
				521A4EEF1F0B766B00E5F155 /* Assets.xcassets in Resources */,
				BBEFDB741F2EEE11003A2C27 /* MediaPlayerStoryboard.storyboard in Resources */,
				521A4EED1F0B766B00E5F155 /* Main.storyboard in Resources */,
			);
			runOnlyForDeploymentPostprocessing = 0;
		};
		521A4EF61F0B766C00E5F155 /* Resources */ = {
			isa = PBXResourcesBuildPhase;
			buildActionMask = 2147483647;
			files = (
			);
			runOnlyForDeploymentPostprocessing = 0;
		};
		BBF390D81F26EB820023DC8B /* Resources */ = {
			isa = PBXResourcesBuildPhase;
			buildActionMask = 2147483647;
			files = (
				BBEFDB751F2EEE11003A2C27 /* MediaPlayerStoryboard.storyboard in Resources */,
				BBF390D91F26EB820023DC8B /* LaunchScreen.storyboard in Resources */,
				BBF390DA1F26EB820023DC8B /* Assets.xcassets in Resources */,
				BBF390DB1F26EB820023DC8B /* Main.storyboard in Resources */,
			);
			runOnlyForDeploymentPostprocessing = 0;
		};
/* End PBXResourcesBuildPhase section */

/* Begin PBXShellScriptBuildPhase section */
		3F6707DDA3858C8169096DF1 /* [CP] Copy Pods Resources */ = {
			isa = PBXShellScriptBuildPhase;
			buildActionMask = 2147483647;
			files = (
			);
			inputPaths = (
				"${SRCROOT}/Pods/Target Support Files/Pods-MADVCameraDemo/Pods-MADVCameraDemo-resources.sh",
				"${PODS_ROOT}/MJRefresh/MJRefresh/MJRefresh.bundle",
				"${PODS_ROOT}/MWPhotoBrowser/MWPhotoBrowser/MWPhotoBrowser.bundle",
			);
			name = "[CP] Copy Pods Resources";
			outputPaths = (
				"${TARGET_BUILD_DIR}/${UNLOCALIZED_RESOURCES_FOLDER_PATH}",
			);
			runOnlyForDeploymentPostprocessing = 0;
			shellPath = /bin/sh;
			shellScript = "\"${SRCROOT}/Pods/Target Support Files/Pods-MADVCameraDemo/Pods-MADVCameraDemo-resources.sh\"\n";
			showEnvVarsInLog = 0;
		};
		BBF390B11F26EB820023DC8B /* [CP] Check Pods Manifest.lock */ = {
			isa = PBXShellScriptBuildPhase;
			buildActionMask = 2147483647;
			files = (
			);
			inputPaths = (
				"${PODS_PODFILE_DIR_PATH}/Podfile.lock",
				"${PODS_ROOT}/Manifest.lock",
			);
			name = "[CP] Check Pods Manifest.lock";
			outputPaths = (
				"$(DERIVED_FILE_DIR)/Pods-MADVCameraDemo_MADVCameraSources-checkManifestLockResult.txt",
			);
			runOnlyForDeploymentPostprocessing = 0;
			shellPath = /bin/sh;
			shellScript = "diff \"${PODS_PODFILE_DIR_PATH}/Podfile.lock\" \"${PODS_ROOT}/Manifest.lock\" > /dev/null\nif [ $? != 0 ] ; then\n    # print error to STDERR\n    echo \"error: The sandbox is not in sync with the Podfile.lock. Run 'pod install' or update your CocoaPods installation.\" >&2\n    exit 1\nfi\n# This output is used by Xcode 'outputs' to avoid re-running this script phase.\necho \"SUCCESS\" > \"${SCRIPT_OUTPUT_FILE_0}\"\n";
			showEnvVarsInLog = 0;
		};
		BBF390DC1F26EB820023DC8B /* [CP] Embed Pods Frameworks */ = {
			isa = PBXShellScriptBuildPhase;
			buildActionMask = 2147483647;
			files = (
			);
			inputPaths = (
			);
			name = "[CP] Embed Pods Frameworks";
			outputPaths = (
			);
			runOnlyForDeploymentPostprocessing = 0;
			shellPath = /bin/sh;
			shellScript = "\"${SRCROOT}/Pods/Target Support Files/Pods-MADVCameraDemo_MADVCameraSources/Pods-MADVCameraDemo_MADVCameraSources-frameworks.sh\"\n";
			showEnvVarsInLog = 0;
		};
		BBF390DD1F26EB820023DC8B /* [CP] Copy Pods Resources */ = {
			isa = PBXShellScriptBuildPhase;
			buildActionMask = 2147483647;
			files = (
			);
			inputPaths = (
				"${SRCROOT}/Pods/Target Support Files/Pods-MADVCameraDemo/Pods-MADVCameraDemo-resources.sh",
				"${PODS_ROOT}/MJRefresh/MJRefresh/MJRefresh.bundle",
				"${PODS_ROOT}/MWPhotoBrowser/MWPhotoBrowser/MWPhotoBrowser.bundle",
			);
			name = "[CP] Copy Pods Resources";
			outputPaths = (
				"${TARGET_BUILD_DIR}/${UNLOCALIZED_RESOURCES_FOLDER_PATH}",
			);
			runOnlyForDeploymentPostprocessing = 0;
			shellPath = /bin/sh;
			shellScript = "\"${SRCROOT}/Pods/Target Support Files/Pods-MADVCameraDemo_MADVCameraSources/Pods-MADVCameraDemo_MADVCameraSources-resources.sh\"\n";
			showEnvVarsInLog = 0;
		};
		CBA32F16CA167EF2951C8A12 /* [CP] Check Pods Manifest.lock */ = {
			isa = PBXShellScriptBuildPhase;
			buildActionMask = 2147483647;
			files = (
			);
			inputPaths = (
				"${PODS_PODFILE_DIR_PATH}/Podfile.lock",
				"${PODS_ROOT}/Manifest.lock",
			);
			name = "[CP] Check Pods Manifest.lock";
			outputPaths = (
				"$(DERIVED_FILE_DIR)/Pods-MADVCameraDemo-checkManifestLockResult.txt",
			);
			runOnlyForDeploymentPostprocessing = 0;
			shellPath = /bin/sh;
			shellScript = "diff \"${PODS_PODFILE_DIR_PATH}/Podfile.lock\" \"${PODS_ROOT}/Manifest.lock\" > /dev/null\nif [ $? != 0 ] ; then\n    # print error to STDERR\n    echo \"error: The sandbox is not in sync with the Podfile.lock. Run 'pod install' or update your CocoaPods installation.\" >&2\n    exit 1\nfi\n# This output is used by Xcode 'outputs' to avoid re-running this script phase.\necho \"SUCCESS\" > \"${SCRIPT_OUTPUT_FILE_0}\"\n";
			showEnvVarsInLog = 0;
		};
		FFF447A1F26BFD10500466BD /* [CP] Embed Pods Frameworks */ = {
			isa = PBXShellScriptBuildPhase;
			buildActionMask = 2147483647;
			files = (
			);
			inputPaths = (
			);
			name = "[CP] Embed Pods Frameworks";
			outputPaths = (
			);
			runOnlyForDeploymentPostprocessing = 0;
			shellPath = /bin/sh;
			shellScript = "\"${SRCROOT}/Pods/Target Support Files/Pods-MADVCameraDemo/Pods-MADVCameraDemo-frameworks.sh\"\n";
			showEnvVarsInLog = 0;
		};
/* End PBXShellScriptBuildPhase section */

/* Begin PBXSourcesBuildPhase section */
		521A4ED81F0B766B00E5F155 /* Sources */ = {
			isa = PBXSourcesBuildPhase;
			buildActionMask = 2147483647;
			files = (
				BB3DA3A31F0F7FE3009B6ACF /* MyMovieSegmentMerger.mm in Sources */,
				521A4EEA1F0B766B00E5F155 /* CameraLibraryViewController.m in Sources */,
				521A4EE41F0B766B00E5F155 /* AppDelegate.m in Sources */,
				521A4EE71F0B766B00E5F155 /* CameraPreviewViewController.m in Sources */,
				521A4EE11F0B766B00E5F155 /* main.m in Sources */,
			);
			runOnlyForDeploymentPostprocessing = 0;
		};
		521A4EF41F0B766C00E5F155 /* Sources */ = {
			isa = PBXSourcesBuildPhase;
			buildActionMask = 2147483647;
			files = (
				521A4EFD1F0B766C00E5F155 /* MADVCameraDemoUITests.m in Sources */,
			);
			runOnlyForDeploymentPostprocessing = 0;
		};
		BBF390B21F26EB820023DC8B /* Sources */ = {
			isa = PBXSourcesBuildPhase;
			buildActionMask = 2147483647;
			files = (
				BB89B5BB1F556354007AC0A2 /* MVGLView.mm in Sources */,
				BBF390B31F26EB820023DC8B /* MyMovieSegmentMerger.mm in Sources */,
				BBF390B61F26EB820023DC8B /* CameraLibraryViewController.m in Sources */,
				BBF390B71F26EB820023DC8B /* AppDelegate.m in Sources */,
				BBF390BA1F26EB820023DC8B /* CameraPreviewViewController.m in Sources */,
				BBF390BB1F26EB820023DC8B /* main.m in Sources */,
			);
			runOnlyForDeploymentPostprocessing = 0;
		};
/* End PBXSourcesBuildPhase section */

/* Begin PBXTargetDependency section */
		521A4EFA1F0B766C00E5F155 /* PBXTargetDependency */ = {
			isa = PBXTargetDependency;
			target = 521A4EDB1F0B766B00E5F155 /* MADVCameraDemo */;
			targetProxy = 521A4EF91F0B766C00E5F155 /* PBXContainerItemProxy */;
		};
/* End PBXTargetDependency section */

/* Begin PBXVariantGroup section */
		521A4EEB1F0B766B00E5F155 /* Main.storyboard */ = {
			isa = PBXVariantGroup;
			children = (
				521A4EEC1F0B766B00E5F155 /* Base */,
			);
			name = Main.storyboard;
			sourceTree = "<group>";
		};
		521A4EF01F0B766B00E5F155 /* LaunchScreen.storyboard */ = {
			isa = PBXVariantGroup;
			children = (
				521A4EF11F0B766B00E5F155 /* Base */,
			);
			name = LaunchScreen.storyboard;
			sourceTree = "<group>";
		};
/* End PBXVariantGroup section */

/* Begin XCBuildConfiguration section */
		521A4EFF1F0B766C00E5F155 /* Debug */ = {
			isa = XCBuildConfiguration;
			buildSettings = {
				ALWAYS_SEARCH_USER_PATHS = NO;
				CLANG_ANALYZER_NONNULL = YES;
				CLANG_ANALYZER_NUMBER_OBJECT_CONVERSION = YES_AGGRESSIVE;
				CLANG_CXX_LANGUAGE_STANDARD = "gnu++0x";
				CLANG_CXX_LIBRARY = "libc++";
				CLANG_ENABLE_MODULES = YES;
				CLANG_ENABLE_OBJC_ARC = YES;
				CLANG_WARN_BOOL_CONVERSION = YES;
				CLANG_WARN_CONSTANT_CONVERSION = YES;
				CLANG_WARN_DIRECT_OBJC_ISA_USAGE = YES_ERROR;
				CLANG_WARN_DOCUMENTATION_COMMENTS = YES;
				CLANG_WARN_EMPTY_BODY = YES;
				CLANG_WARN_ENUM_CONVERSION = YES;
				CLANG_WARN_INFINITE_RECURSION = YES;
				CLANG_WARN_INT_CONVERSION = YES;
				CLANG_WARN_OBJC_ROOT_CLASS = YES_ERROR;
				CLANG_WARN_SUSPICIOUS_MOVE = YES;
				CLANG_WARN_UNREACHABLE_CODE = YES;
				CLANG_WARN__DUPLICATE_METHOD_MATCH = YES;
				"CODE_SIGN_IDENTITY[sdk=iphoneos*]" = "iPhone Developer";
				COPY_PHASE_STRIP = NO;
				DEBUG_INFORMATION_FORMAT = dwarf;
				ENABLE_STRICT_OBJC_MSGSEND = YES;
				ENABLE_TESTABILITY = YES;
				GCC_C_LANGUAGE_STANDARD = gnu99;
				GCC_DYNAMIC_NO_PIC = NO;
				GCC_NO_COMMON_BLOCKS = YES;
				GCC_OPTIMIZATION_LEVEL = 0;
				GCC_PREPROCESSOR_DEFINITIONS = (
					"DEBUG=1",
					"$(inherited)",
				);
				GCC_WARN_64_TO_32_BIT_CONVERSION = YES;
				GCC_WARN_ABOUT_RETURN_TYPE = YES_ERROR;
				GCC_WARN_UNDECLARED_SELECTOR = YES;
				GCC_WARN_UNINITIALIZED_AUTOS = YES_AGGRESSIVE;
				GCC_WARN_UNUSED_FUNCTION = YES;
				GCC_WARN_UNUSED_VARIABLE = YES;
				IPHONEOS_DEPLOYMENT_TARGET = 10.3;
				MTL_ENABLE_DEBUG_INFO = YES;
				ONLY_ACTIVE_ARCH = YES;
				SDKROOT = iphoneos;
				TARGETED_DEVICE_FAMILY = "1,2";
			};
			name = Debug;
		};
		521A4F001F0B766C00E5F155 /* Release */ = {
			isa = XCBuildConfiguration;
			buildSettings = {
				ALWAYS_SEARCH_USER_PATHS = NO;
				CLANG_ANALYZER_NONNULL = YES;
				CLANG_ANALYZER_NUMBER_OBJECT_CONVERSION = YES_AGGRESSIVE;
				CLANG_CXX_LANGUAGE_STANDARD = "gnu++0x";
				CLANG_CXX_LIBRARY = "libc++";
				CLANG_ENABLE_MODULES = YES;
				CLANG_ENABLE_OBJC_ARC = YES;
				CLANG_WARN_BOOL_CONVERSION = YES;
				CLANG_WARN_CONSTANT_CONVERSION = YES;
				CLANG_WARN_DIRECT_OBJC_ISA_USAGE = YES_ERROR;
				CLANG_WARN_DOCUMENTATION_COMMENTS = YES;
				CLANG_WARN_EMPTY_BODY = YES;
				CLANG_WARN_ENUM_CONVERSION = YES;
				CLANG_WARN_INFINITE_RECURSION = YES;
				CLANG_WARN_INT_CONVERSION = YES;
				CLANG_WARN_OBJC_ROOT_CLASS = YES_ERROR;
				CLANG_WARN_SUSPICIOUS_MOVE = YES;
				CLANG_WARN_UNREACHABLE_CODE = YES;
				CLANG_WARN__DUPLICATE_METHOD_MATCH = YES;
				"CODE_SIGN_IDENTITY[sdk=iphoneos*]" = "iPhone Developer";
				COPY_PHASE_STRIP = NO;
				DEBUG_INFORMATION_FORMAT = "dwarf-with-dsym";
				ENABLE_NS_ASSERTIONS = NO;
				ENABLE_STRICT_OBJC_MSGSEND = YES;
				GCC_C_LANGUAGE_STANDARD = gnu99;
				GCC_NO_COMMON_BLOCKS = YES;
				GCC_WARN_64_TO_32_BIT_CONVERSION = YES;
				GCC_WARN_ABOUT_RETURN_TYPE = YES_ERROR;
				GCC_WARN_UNDECLARED_SELECTOR = YES;
				GCC_WARN_UNINITIALIZED_AUTOS = YES_AGGRESSIVE;
				GCC_WARN_UNUSED_FUNCTION = YES;
				GCC_WARN_UNUSED_VARIABLE = YES;
				IPHONEOS_DEPLOYMENT_TARGET = 10.3;
				MTL_ENABLE_DEBUG_INFO = NO;
				SDKROOT = iphoneos;
				TARGETED_DEVICE_FAMILY = "1,2";
				VALIDATE_PRODUCT = YES;
			};
			name = Release;
		};
		521A4F021F0B766C00E5F155 /* Debug */ = {
			isa = XCBuildConfiguration;
			baseConfigurationReference = ECD839518DD38BB9E2CE4C8A /* Pods-MADVCameraDemo.debug.xcconfig */;
			buildSettings = {
				ASSETCATALOG_COMPILER_APPICON_NAME = AppIcon;
				DEVELOPMENT_TEAM = QBAB3CS86A;
				ENABLE_BITCODE = NO;
				FRAMEWORK_SEARCH_PATHS = (
					"$(inherited)",
					"$(PROJECT_DIR)",
					"$(PROJECT_DIR)/libs",
				);
				GCC_PREFIX_HEADER = MADVCameraDemo/PrefixHeader.h;
				GCC_PREPROCESSOR_DEFINITIONS = (
					"$(inherited)",
					"COCOAPODS=1",
					MADVCAMERA_EXPORT,
					TARGET_DARWIN_IOS,
				);
				HEADER_SEARCH_PATHS = (
					"$(PROJECT_DIR)/MADVCamera.framework/Headers/**",
					"$(PROJECT_DIR)/MADVPano.framework/Headers",
				);
				INFOPLIST_FILE = MADVCameraDemo/Info.plist;
				IPHONEOS_DEPLOYMENT_TARGET = 8.0;
				LD_RUNPATH_SEARCH_PATHS = "$(inherited) @executable_path/Frameworks";
				LIBRARY_SEARCH_PATHS = (
					"$(inherited)",
					"\"$PODS_CONFIGURATION_BUILD_DIR/AFNetworking\"",
					"$(PROJECT_DIR)/MADVCamera.framework/**",
					"$(PROJECT_DIR)/MADVPano.framework/**",
				);
				ONLY_ACTIVE_ARCH = YES;
				OTHER_LDFLAGS = (
					"$(inherited)",
					"-ObjC",
					"-l\"AFNetworking\"",
					"-l\"Realm\"",
					"-l\"c++\"",
					"-l\"z\"",
					"-framework",
					"\"AssetsLibrary\"",
					"-framework",
					"\"CoreGraphics\"",
					"-framework",
					"\"Foundation\"",
					"-framework",
					"\"ImageIO\"",
					"-framework",
					"\"MapKit\"",
					"-framework",
					"\"MessageUI\"",
					"-framework",
					"\"MobileCoreServices\"",
					"-framework",
					"\"QuartzCore\"",
					"-framework",
					"\"Security\"",
					"-framework",
					"\"SystemConfiguration\"",
					"-framework",
					"\"UIKit\"",
				);
				PRODUCT_BUNDLE_IDENTIFIER = com.madv.MADVCameraDemo;
				PRODUCT_NAME = "$(TARGET_NAME)";
				USER_HEADER_SEARCH_PATHS = "ffmpeg/**";
			};
			name = Debug;
		};
		521A4F031F0B766C00E5F155 /* Release */ = {
			isa = XCBuildConfiguration;
			baseConfigurationReference = 664A85556F7159585B5439CC /* Pods-MADVCameraDemo.release.xcconfig */;
			buildSettings = {
				ASSETCATALOG_COMPILER_APPICON_NAME = AppIcon;
				DEVELOPMENT_TEAM = QBAB3CS86A;
				ENABLE_BITCODE = NO;
				FRAMEWORK_SEARCH_PATHS = (
					"$(inherited)",
					"$(PROJECT_DIR)",
					"$(PROJECT_DIR)/libs",
				);
				GCC_PREFIX_HEADER = MADVCameraDemo/PrefixHeader.h;
				GCC_PREPROCESSOR_DEFINITIONS = (
					"$(inherited)",
					"COCOAPODS=1",
					MADVCAMERA_EXPORT,
					TARGET_DARWIN_IOS,
				);
				HEADER_SEARCH_PATHS = (
					"$(PROJECT_DIR)/MADVCamera.framework/Headers/**",
					"$(PROJECT_DIR)/MADVPano.framework/Headers",
				);
				INFOPLIST_FILE = MADVCameraDemo/Info.plist;
				IPHONEOS_DEPLOYMENT_TARGET = 8.0;
				LD_RUNPATH_SEARCH_PATHS = "$(inherited) @executable_path/Frameworks";
				LIBRARY_SEARCH_PATHS = (
					"$(inherited)",
					"\"$PODS_CONFIGURATION_BUILD_DIR/AFNetworking\"",
					"$(PROJECT_DIR)/MADVPano.framework/**",
					"$(PROJECT_DIR)/MADVCamera.framework/**",
				);
				OTHER_LDFLAGS = (
					"$(inherited)",
					"-ObjC",
					"-l\"AFNetworking\"",
					"-l\"Realm\"",
					"-l\"c++\"",
					"-l\"z\"",
					"-framework",
					"\"AssetsLibrary\"",
					"-framework",
					"\"CoreGraphics\"",
					"-framework",
					"\"Foundation\"",
					"-framework",
					"\"ImageIO\"",
					"-framework",
					"\"MapKit\"",
					"-framework",
					"\"MessageUI\"",
					"-framework",
					"\"MobileCoreServices\"",
					"-framework",
					"\"QuartzCore\"",
					"-framework",
					"\"Security\"",
					"-framework",
					"\"SystemConfiguration\"",
					"-framework",
					"\"UIKit\"",
				);
				PRODUCT_BUNDLE_IDENTIFIER = com.madv.MADVCameraDemo;
				PRODUCT_NAME = "$(TARGET_NAME)";
				USER_HEADER_SEARCH_PATHS = "ffmpeg/**";
			};
			name = Release;
		};
		521A4F051F0B766C00E5F155 /* Debug */ = {
			isa = XCBuildConfiguration;
			buildSettings = {
				DEVELOPMENT_TEAM = QBAB3CS86A;
				INFOPLIST_FILE = MADVCameraDemoUITests/Info.plist;
				LD_RUNPATH_SEARCH_PATHS = "$(inherited) @executable_path/Frameworks @loader_path/Frameworks";
				PRODUCT_BUNDLE_IDENTIFIER = com.madv.MADVCameraDemoUITests;
				PRODUCT_NAME = "$(TARGET_NAME)";
				TEST_TARGET_NAME = MADVCameraDemo;
			};
			name = Debug;
		};
		521A4F061F0B766C00E5F155 /* Release */ = {
			isa = XCBuildConfiguration;
			buildSettings = {
				DEVELOPMENT_TEAM = QBAB3CS86A;
				INFOPLIST_FILE = MADVCameraDemoUITests/Info.plist;
				LD_RUNPATH_SEARCH_PATHS = "$(inherited) @executable_path/Frameworks @loader_path/Frameworks";
				PRODUCT_BUNDLE_IDENTIFIER = com.madv.MADVCameraDemoUITests;
				PRODUCT_NAME = "$(TARGET_NAME)";
				TEST_TARGET_NAME = MADVCameraDemo;
			};
			name = Release;
		};
		BBF390DF1F26EB820023DC8B /* Debug */ = {
			isa = XCBuildConfiguration;
			baseConfigurationReference = 6559114214F7F0085B4330CF /* Pods-MADVCameraDemo_MADVCameraSources.debug.xcconfig */;
			buildSettings = {
				ASSETCATALOG_COMPILER_APPICON_NAME = AppIcon;
				DEVELOPMENT_TEAM = QBAB3CS86A;
				ENABLE_BITCODE = NO;
				FRAMEWORK_SEARCH_PATHS = (
					"$(inherited)",
					"$(PROJECT_DIR)",
					"$(PROJECT_DIR)/libs",
					"$(PROJECT_DIR)/MADVCamera/libs",
					"$(PROJECT_DIR)/MADVCamera/ThirdParty/Bugly",
					"$(PROJECT_DIR)/MADVCamera/ThirdParty/UMSocial/googlelogin",
					"$(PROJECT_DIR)/MADVCamera/ThirdParty/UMSocial/SocialLibraries/Facebook",
					"$(PROJECT_DIR)/MADVCamera/ThirdParty/UMSocial/SocialLibraries/Twitter",
					"$(PROJECT_DIR)/MADVCamera/ThirdParty/UMSocial/UMSocialSDK",
					"$(PROJECT_DIR)/MADVCamera/ThirdParty/UMSocialAnalyics",
					"$(PROJECT_DIR)/MADVCamera/ThirdParty/XiaomiLogin",
					/usr/lib/libxml2.2.dylib,
				);
				GCC_PREFIX_HEADER = MADVCameraDemo/PrefixHeader.h;
				GCC_PREPROCESSOR_DEFINITIONS = (
					"$(inherited)",
					"COCOAPODS=1",
					"MADVCAMERA_EXPORT=1",
					TARGET_DARWIN_IOS,
					FOR_DOUYIN,
				);
				HEADER_SEARCH_PATHS = (
					"$(PROJECT_DIR)/MADVCamera.framework/Headers/**",
					"$(PROJECT_DIR)/MADVPano.framework/Headers",
					"\"$PODS_CONFIGURATION_BUILD_DIR/SSZipArchive/minizip\"",
					"\"$PODS_CONFIGURATION_BUILD_DIR/SSZipArchive\"",
					"$(SDKROOT)/usr/include/libxml2",
				);
				INFOPLIST_FILE = "MADVCameraDemo_MADVCameraSources-Info.plist";
				IPHONEOS_DEPLOYMENT_TARGET = 8.0;
				LD_RUNPATH_SEARCH_PATHS = "$(inherited) @executable_path/Frameworks";
				LIBRARY_SEARCH_PATHS = (
					"$(inherited)",
					"\"$PODS_CONFIGURATION_BUILD_DIR/AFNetworking\"",
					"\"$PODS_CONFIGURATION_BUILD_DIR/Masonry\"",
					"\"$PODS_CONFIGURATION_BUILD_DIR/SSKeychain\"",
					"\"$PODS_CONFIGURATION_BUILD_DIR/SSZipArchive\"",
					"$(PROJECT_DIR)/MADVPano.framework/**",
					"$(PROJECT_DIR)/libs/FFmpeg",
					"$(PROJECT_DIR)/MADVCamera/libs/FFmpeg",
					"$(PROJECT_DIR)/MADVCamera/ThirdParty",
					"$(PROJECT_DIR)/MADVCamera/ThirdParty/UMSocial/SocialLibraries/Facebook",
					"$(PROJECT_DIR)/MADVCamera/ThirdParty/UMSocial/SocialLibraries/GooglePlus",
					"$(PROJECT_DIR)/MADVCamera/ThirdParty/UMSocial/SocialLibraries/Line",
					"$(PROJECT_DIR)/MADVCamera/ThirdParty/UMSocial/SocialLibraries/QQ",
					"$(PROJECT_DIR)/MADVCamera/ThirdParty/UMSocial/SocialLibraries/Sina",
					"$(PROJECT_DIR)/MADVCamera/ThirdParty/UMSocial/SocialLibraries/Twitter",
					"$(PROJECT_DIR)/MADVCamera/ThirdParty/UMSocial/SocialLibraries/WeChat",
					"$(PROJECT_DIR)/MADVCamera/ThirdParty/UMSocial/UMSocialSDKPlugin",
				);
				OTHER_LDFLAGS = (
					"$(inherited)",
					"-ObjC",
					"-l\"AFNetworking\"",
					"-l\"Masonry\"",
					"-l\"Realm\"",
					"-l\"SSKeychain\"",
					"-l\"SSZipArchive\"",
					"-l\"c++\"",
					"-l\"z\"",
					"-framework",
					"\"AssetsLibrary\"",
					"-framework",
					"\"CoreGraphics\"",
					"-framework",
					"\"Foundation\"",
					"-framework",
					"\"ImageIO\"",
					"-framework",
					"\"MapKit\"",
					"-framework",
					"\"MessageUI\"",
					"-framework",
					"\"MobileCoreServices\"",
					"-framework",
					"\"QuartzCore\"",
					"-framework",
					"\"Security\"",
					"-framework",
					"\"SystemConfiguration\"",
					"-framework",
					"\"UIKit\"",
				);
				PRODUCT_BUNDLE_IDENTIFIER = com.madv.MADVCameraDemo;
				PRODUCT_NAME = "$(TARGET_NAME)";
				PROVISIONING_PROFILE = "08f98096-70d9-4f99-b334-e11fc3811c0e";
				PROVISIONING_PROFILE_SPECIFIER = "Madv360 Wildcard Development";
				USER_HEADER_SEARCH_PATHS = FFmpeg;
			};
			name = Debug;
		};
		BBF390E01F26EB820023DC8B /* Release */ = {
			isa = XCBuildConfiguration;
			baseConfigurationReference = 38AD176FBE07FA87EC823509 /* Pods-MADVCameraDemo_MADVCameraSources.release.xcconfig */;
			buildSettings = {
				ASSETCATALOG_COMPILER_APPICON_NAME = AppIcon;
				"CODE_SIGN_IDENTITY[sdk=iphoneos*]" = "iPhone Distribution";
				DEVELOPMENT_TEAM = QBAB3CS86A;
				ENABLE_BITCODE = NO;
				FRAMEWORK_SEARCH_PATHS = (
					"$(inherited)",
					"$(PROJECT_DIR)",
					"$(PROJECT_DIR)/libs",
					"$(PROJECT_DIR)/MADVCamera/libs",
					"$(PROJECT_DIR)/MADVCamera/ThirdParty/Bugly",
					"$(PROJECT_DIR)/MADVCamera/ThirdParty/UMSocial/googlelogin",
					"$(PROJECT_DIR)/MADVCamera/ThirdParty/UMSocial/SocialLibraries/Facebook",
					"$(PROJECT_DIR)/MADVCamera/ThirdParty/UMSocial/SocialLibraries/Twitter",
					"$(PROJECT_DIR)/MADVCamera/ThirdParty/UMSocial/UMSocialSDK",
					"$(PROJECT_DIR)/MADVCamera/ThirdParty/UMSocialAnalyics",
					"$(PROJECT_DIR)/MADVCamera/ThirdParty/XiaomiLogin",
					/usr/lib/libxml2.2.dylib,
				);
				GCC_PREFIX_HEADER = MADVCameraDemo/PrefixHeader.h;
				GCC_PREPROCESSOR_DEFINITIONS = (
					"$(inherited)",
					"COCOAPODS=1",
					"MADVCAMERA_EXPORT=1",
					TARGET_DARWIN_IOS,
					FOR_DOUYIN,
				);
				HEADER_SEARCH_PATHS = (
					"$(PROJECT_DIR)/MADVCamera.framework/Headers/**",
					"$(PROJECT_DIR)/MADVPano.framework/Headers",
					"\"$PODS_CONFIGURATION_BUILD_DIR/SSZipArchive/minizip\"",
					"\"$PODS_CONFIGURATION_BUILD_DIR/SSZipArchive\"",
					"$(SDKROOT)/usr/include/libxml2",
				);
				INFOPLIST_FILE = "MADVCameraDemo_MADVCameraSources-Info.plist";
				IPHONEOS_DEPLOYMENT_TARGET = 8.0;
				LD_RUNPATH_SEARCH_PATHS = "$(inherited) @executable_path/Frameworks";
				LIBRARY_SEARCH_PATHS = (
					"$(inherited)",
					"\"$PODS_CONFIGURATION_BUILD_DIR/AFNetworking\"",
					"\"$PODS_CONFIGURATION_BUILD_DIR/MBProgressHUD\"",
					"\"$PODS_CONFIGURATION_BUILD_DIR/MJRefresh\"",
					"\"$PODS_CONFIGURATION_BUILD_DIR/MWPhotoBrowser\"",
					"\"$PODS_CONFIGURATION_BUILD_DIR/Masonry\"",
					"\"$PODS_CONFIGURATION_BUILD_DIR/PSTCollectionView\"",
					"\"$PODS_CONFIGURATION_BUILD_DIR/SDWebImage\"",
					"\"$PODS_CONFIGURATION_BUILD_DIR/SSKeychain\"",
					"\"$PODS_CONFIGURATION_BUILD_DIR/SSZipArchive\"",
					"\"$PODS_CONFIGURATION_BUILD_DIR/THProgressView\"",
					"$(PROJECT_DIR)/MADVPano.framework/**",
					"$(PROJECT_DIR)/libs/FFmpeg",
					"$(PROJECT_DIR)/MADVCamera/libs/FFmpeg",
					"$(PROJECT_DIR)/MADVCamera/ThirdParty",
					"$(PROJECT_DIR)/MADVCamera/ThirdParty/UMSocial/SocialLibraries/Facebook",
					"$(PROJECT_DIR)/MADVCamera/ThirdParty/UMSocial/SocialLibraries/GooglePlus",
					"$(PROJECT_DIR)/MADVCamera/ThirdParty/UMSocial/SocialLibraries/Line",
					"$(PROJECT_DIR)/MADVCamera/ThirdParty/UMSocial/SocialLibraries/QQ",
					"$(PROJECT_DIR)/MADVCamera/ThirdParty/UMSocial/SocialLibraries/Sina",
					"$(PROJECT_DIR)/MADVCamera/ThirdParty/UMSocial/SocialLibraries/Twitter",
					"$(PROJECT_DIR)/MADVCamera/ThirdParty/UMSocial/SocialLibraries/WeChat",
					"$(PROJECT_DIR)/MADVCamera/ThirdParty/UMSocial/UMSocialSDKPlugin",
				);
				OTHER_LDFLAGS = (
					"$(inherited)",
					"-ObjC",
					"-l\"AFNetworking\"",
					"-l\"Masonry\"",
					"-l\"Realm\"",
					"-l\"SSKeychain\"",
					"-l\"SSZipArchive\"",
					"-l\"c++\"",
					"-l\"z\"",
					"-framework",
					"\"AssetsLibrary\"",
					"-framework",
					"\"CoreGraphics\"",
					"-framework",
					"\"Foundation\"",
					"-framework",
					"\"ImageIO\"",
					"-framework",
					"\"MapKit\"",
					"-framework",
					"\"MessageUI\"",
					"-framework",
					"\"MobileCoreServices\"",
					"-framework",
					"\"QuartzCore\"",
					"-framework",
					"\"Security\"",
					"-framework",
					"\"SystemConfiguration\"",
					"-framework",
					"\"UIKit\"",
				);
				PRODUCT_BUNDLE_IDENTIFIER = com.madv.MADVCameraDemo;
				PRODUCT_NAME = "$(TARGET_NAME)";
				PROVISIONING_PROFILE = "c0f46587-ec35-4d36-a4fa-3b0ae55f5fcd";
				PROVISIONING_PROFILE_SPECIFIER = "XC Ad Hoc: *";
				USER_HEADER_SEARCH_PATHS = FFmpeg;
			};
			name = Release;
		};
/* End XCBuildConfiguration section */

/* Begin XCConfigurationList section */
		521A4ED71F0B766B00E5F155 /* Build configuration list for PBXProject "MADVCameraDemo" */ = {
			isa = XCConfigurationList;
			buildConfigurations = (
				521A4EFF1F0B766C00E5F155 /* Debug */,
				521A4F001F0B766C00E5F155 /* Release */,
			);
			defaultConfigurationIsVisible = 0;
			defaultConfigurationName = Release;
		};
		521A4F011F0B766C00E5F155 /* Build configuration list for PBXNativeTarget "MADVCameraDemo" */ = {
			isa = XCConfigurationList;
			buildConfigurations = (
				521A4F021F0B766C00E5F155 /* Debug */,
				521A4F031F0B766C00E5F155 /* Release */,
			);
			defaultConfigurationIsVisible = 0;
			defaultConfigurationName = Release;
		};
		521A4F041F0B766C00E5F155 /* Build configuration list for PBXNativeTarget "MADVCameraDemoUITests" */ = {
			isa = XCConfigurationList;
			buildConfigurations = (
				521A4F051F0B766C00E5F155 /* Debug */,
				521A4F061F0B766C00E5F155 /* Release */,
			);
			defaultConfigurationIsVisible = 0;
			defaultConfigurationName = Release;
		};
		BBF390DE1F26EB820023DC8B /* Build configuration list for PBXNativeTarget "MADVCameraDemo_MADVCameraSources" */ = {
			isa = XCConfigurationList;
			buildConfigurations = (
				BBF390DF1F26EB820023DC8B /* Debug */,
				BBF390E01F26EB820023DC8B /* Release */,
			);
			defaultConfigurationIsVisible = 0;
			defaultConfigurationName = Release;
		};
/* End XCConfigurationList section */
	};
	rootObject = 521A4ED41F0B766B00E5F155 /* Project object */;
}
